// !$*UTF8*$!
{
 archiveVersion = 1;
 classes = {
 };
 objectVersion = 46;
 objects = {
  X0000769 = {
   attributes = {
    LastUpgradeCheck = 0500;
    ORGANIZATIONNAME = LibreOffice;
   };
   buildConfigurationList = X0000773;
   compatibilityVersion = "Xcode 3.2";
   hasScannedForEncodings = 0;
   isa = PBXProject;
   knownRegions = ;
   mainGroup = X000076a;
   productRefGroup = X000076d;
   projectDirPath = ;
   projectRoot = ;
   targets = X000076f;
  };
  X000076a = {
   children = ;
   isa = PBXGroup;
   sourceTree = "<group>";
  };
  X000076b = {
   children = {
   };
   isa = PBXGroup;
   path = ;
   sourceTree = "<group>";
  };
  X000076e = {
   children = ;
   isa = PBXGroup;
   name = Products;
   sourceTree = "<group>";
  };
  X000076f = {
   buildConfigurationList = X0000774;
   buildPhases = ;
   buildRules = ;
   dependencies = ;
   isa = PBXNativeTarget;
   name = ;
   productName = ;
   productReference = X000076c;
   productType = ;
  };
  X0000770 = {
   isa = PBXFileReference;
   lastKnownFileType = "sourcecode.cpp.cpp";
   path = "sc/qa/unit/functions_financial.cxx";
  };
  X0000771 = {
   fileRef = X0000770;
   isa = PBXBuildFile;
  };
  X0000772 = {
   buildActionMask = 2147483647;
   files = ;
   isa = PBXSourcesBuildPhase;
   runOnlyForDeploymentPostprocessing = 0;
  };
 };
 rootObject = X0000769;
}