// !$*UTF8*$!
{
 archiveVersion = 1;
 classes = {
 };
 objectVersion = 46;
 objects = {
  X000095d = {
   attributes = {
    LastUpgradeCheck = 0500;
    ORGANIZATIONNAME = LibreOffice;
   };
   buildConfigurationList = X0000967;
   compatibilityVersion = "Xcode 3.2";
   hasScannedForEncodings = 0;
   isa = PBXProject;
   knownRegions = ;
   mainGroup = X000095e;
   productRefGroup = X0000961;
   projectDirPath = ;
   projectRoot = ;
   targets = X0000963;
  };
  X000095e = {
   children = ;
   isa = PBXGroup;
   sourceTree = "<group>";
  };
  X000095f = {
   children = {
   };
   isa = PBXGroup;
   path = ;
   sourceTree = "<group>";
  };
  X0000962 = {
   children = ;
   isa = PBXGroup;
   name = Products;
   sourceTree = "<group>";
  };
  X0000963 = {
   buildConfigurationList = X0000968;
   buildPhases = ;
   buildRules = ;
   dependencies = ;
   isa = PBXNativeTarget;
   name = ;
   productName = ;
   productReference = X0000960;
   productType = ;
  };
  X0000964 = {
   isa = PBXFileReference;
   lastKnownFileType = "sourcecode.cpp.cpp";
   path = "sc/qa/extras/sctablevalidationobj.cxx";
  };
  X0000965 = {
   fileRef = X0000964;
   isa = PBXBuildFile;
  };
  X0000966 = {
   buildActionMask = 2147483647;
   files = ;
   isa = PBXSourcesBuildPhase;
   runOnlyForDeploymentPostprocessing = 0;
  };
 };
 rootObject = X000095d;
}