// !$*UTF8*$!
{
 archiveVersion = 1;
 classes = {
 };
 objectVersion = 46;
 objects = {
  X00018d5 = {
   attributes = {
    LastUpgradeCheck = 0500;
    ORGANIZATIONNAME = LibreOffice;
   };
   buildConfigurationList = X00018df;
   compatibilityVersion = "Xcode 3.2";
   hasScannedForEncodings = 0;
   isa = PBXProject;
   knownRegions = ;
   mainGroup = X00018d6;
   productRefGroup = X00018d9;
   projectDirPath = ;
   projectRoot = ;
   targets = X00018db;
  };
  X00018d6 = {
   children = ;
   isa = PBXGroup;
   sourceTree = "<group>";
  };
  X00018d7 = {
   children = {
   };
   isa = PBXGroup;
   path = ;
   sourceTree = "<group>";
  };
  X00018da = {
   children = ;
   isa = PBXGroup;
   name = Products;
   sourceTree = "<group>";
  };
  X00018db = {
   buildConfigurationList = X00018e0;
   buildPhases = ;
   buildRules = ;
   dependencies = ;
   isa = PBXNativeTarget;
   name = ;
   productName = ;
   productReference = X00018d8;
   productType = ;
  };
  X00018dc = {
   isa = PBXFileReference;
   lastKnownFileType = "sourcecode.cpp.cpp";
   path = "formula/qa/unit/formula-dialogs-test.cxx";
  };
  X00018dd = {
   fileRef = X00018dc;
   isa = PBXBuildFile;
  };
  X00018de = {
   buildActionMask = 2147483647;
   files = ;
   isa = PBXSourcesBuildPhase;
   runOnlyForDeploymentPostprocessing = 0;
  };
 };
 rootObject = X00018d5;
}