// !$*UTF8*$!
{
 archiveVersion = 1;
 classes = {
 };
 objectVersion = 46;
 objects = {
  X0005165 = {
   attributes = {
    LastUpgradeCheck = 0500;
    ORGANIZATIONNAME = LibreOffice;
   };
   buildConfigurationList = X000516f;
   compatibilityVersion = "Xcode 3.2";
   hasScannedForEncodings = 0;
   isa = PBXProject;
   knownRegions = ;
   mainGroup = X0005166;
   productRefGroup = X0005169;
   projectDirPath = ;
   projectRoot = ;
   targets = X000516b;
  };
  X0005166 = {
   children = ;
   isa = PBXGroup;
   sourceTree = "<group>";
  };
  X0005167 = {
   children = {
   };
   isa = PBXGroup;
   path = ;
   sourceTree = "<group>";
  };
  X000516a = {
   children = ;
   isa = PBXGroup;
   name = Products;
   sourceTree = "<group>";
  };
  X000516b = {
   buildConfigurationList = X0005170;
   buildPhases = ;
   buildRules = ;
   dependencies = ;
   isa = PBXNativeTarget;
   name = ;
   productName = ;
   productReference = X0005168;
   productType = ;
  };
  X000516c = {
   isa = PBXFileReference;
   lastKnownFileType = "sourcecode.cpp.cpp";
   path = "smoketest/smoketest_too.cxx";
  };
  X000516d = {
   fileRef = X000516c;
   isa = PBXBuildFile;
  };
  X000516e = {
   buildActionMask = 2147483647;
   files = ;
   isa = PBXSourcesBuildPhase;
   runOnlyForDeploymentPostprocessing = 0;
  };
 };
 rootObject = X0005165;
}