// !$*UTF8*$!
{
	archiveVersion = 1;
	classes = {
	};
	objectVersion = 46;
	objects = {

/* Begin PBXBuildFile section */
		BE5A22641664F87600CF01C9 /* InfoPlist.strings in Resources */ = {isa = PBXBuildFile; fileRef = BE5A22621664F87600CF01C9 /* InfoPlist.strings */; };
		BE5A226C1664F87600CF01C9 /* Default.png in Resources */ = {isa = PBXBuildFile; fileRef = BE5A226B1664F87600CF01C9 /* Default.png */; };
		BE5A226E1664F87600CF01C9 /* Default@2x.png in Resources */ = {isa = PBXBuildFile; fileRef = BE5A226D1664F87600CF01C9 /* Default@2x.png */; };
		BE5A22701664F87600CF01C9 /* Default-568h@2x.png in Resources */ = {isa = PBXBuildFile; fileRef = BE5A226F1664F87600CF01C9 /* Default-568h@2x.png */; };
		BE69AD88169592C4001BE1CD /* iTunesArtwork in Resources */ = {isa = PBXBuildFile; fileRef = BE69AD87169592C4001BE1CD /* iTunesArtwork */; };
		BE69AD8D1695954D001BE1CD /* Icon-72.png in Resources */ = {isa = PBXBuildFile; fileRef = BE69AD8A1695954D001BE1CD /* Icon-72.png */; };
		BE69AD8E1695954D001BE1CD /* Icon.png in Resources */ = {isa = PBXBuildFile; fileRef = BE69AD8B1695954D001BE1CD /* Icon.png */; };
		BE69AD8F1695954D001BE1CD /* Icon@2x.png in Resources */ = {isa = PBXBuildFile; fileRef = BE69AD8C1695954D001BE1CD /* Icon@2x.png */; };
/* End PBXBuildFile section */

/* Begin PBXFileReference section */
		BE08805B16FDB784000CED5C /* View.h */ = {isa = PBXFileReference; fileEncoding = 4; lastKnownFileType = sourcecode.c.h; path = View.h; sourceTree = "<group>"; };
		BE08805C16FDB784000CED5C /* View.m */ = {isa = PBXFileReference; fileEncoding = 4; lastKnownFileType = sourcecode.c.objc; path = View.m; sourceTree = "<group>"; };
		BE4EEE9916FF724200D475B2 /* bitmapdevice.cxx */ = {isa = PBXFileReference; fileEncoding = 4; lastKnownFileType = sourcecode.cpp.cpp; name = bitmapdevice.cxx; path = ../../../../basebmp/source/bitmapdevice.cxx; sourceTree = "<group>"; };
		BE4EEE9A16FF80B100D475B2 /* virdev.cxx */ = {isa = PBXFileReference; fileEncoding = 4; lastKnownFileType = sourcecode.cpp.cpp; name = virdev.cxx; path = ../../../../vcl/source/gdi/virdev.cxx; sourceTree = "<group>"; };
		BE56CD651704A08E00CA5B15 /* lo.h */ = {isa = PBXFileReference; fileEncoding = 4; lastKnownFileType = sourcecode.c.h; path = lo.h; sourceTree = "<group>"; };
		BE56CD661704A08E00CA5B15 /* lo.mm */ = {isa = PBXFileReference; fileEncoding = 4; lastKnownFileType = sourcecode.cpp.objcpp; path = lo.mm; sourceTree = "<group>"; };
		BE5A22551664F87600CF01C9 /* LibreOffice.app */ = {isa = PBXFileReference; explicitFileType = wrapper.application; includeInIndex = 0; path = LibreOffice.app; sourceTree = BUILT_PRODUCTS_DIR; };
		BE5A22591664F87600CF01C9 /* UIKit.framework */ = {isa = PBXFileReference; lastKnownFileType = wrapper.framework; name = UIKit.framework; path = System/Library/Frameworks/UIKit.framework; sourceTree = SDKROOT; };
		BE5A225B1664F87600CF01C9 /* Foundation.framework */ = {isa = PBXFileReference; lastKnownFileType = wrapper.framework; name = Foundation.framework; path = System/Library/Frameworks/Foundation.framework; sourceTree = SDKROOT; };
		BE5A225D1664F87600CF01C9 /* CoreGraphics.framework */ = {isa = PBXFileReference; lastKnownFileType = wrapper.framework; name = CoreGraphics.framework; path = System/Library/Frameworks/CoreGraphics.framework; sourceTree = SDKROOT; };
		BE5A22611664F87600CF01C9 /* LibreOffice-Info.plist */ = {isa = PBXFileReference; lastKnownFileType = text.plist.xml; path = "LibreOffice-Info.plist"; sourceTree = "<group>"; };
		BE5A22631664F87600CF01C9 /* en */ = {isa = PBXFileReference; lastKnownFileType = text.plist.strings; name = en; path = en.lproj/InfoPlist.strings; sourceTree = "<group>"; };
		BE5A22651664F87600CF01C9 /* main.m */ = {isa = PBXFileReference; lastKnownFileType = sourcecode.c.objc; path = main.m; sourceTree = "<group>"; };
		BE5A22671664F87600CF01C9 /* LibreOffice-Prefix.pch */ = {isa = PBXFileReference; lastKnownFileType = sourcecode.c.h; path = "LibreOffice-Prefix.pch"; sourceTree = "<group>"; };
		BE5A22681664F87600CF01C9 /* AppDelegate.h */ = {isa = PBXFileReference; lastKnownFileType = sourcecode.c.h; path = AppDelegate.h; sourceTree = "<group>"; };
		BE5A22691664F87600CF01C9 /* AppDelegate.m */ = {isa = PBXFileReference; lastKnownFileType = sourcecode.c.objc; path = AppDelegate.m; sourceTree = "<group>"; };
		BE5A226B1664F87600CF01C9 /* Default.png */ = {isa = PBXFileReference; lastKnownFileType = image.png; path = Default.png; sourceTree = "<group>"; };
		BE5A226D1664F87600CF01C9 /* Default@2x.png */ = {isa = PBXFileReference; lastKnownFileType = image.png; path = "Default@2x.png"; sourceTree = "<group>"; };
		BE5A226F1664F87600CF01C9 /* Default-568h@2x.png */ = {isa = PBXFileReference; lastKnownFileType = image.png; path = "Default-568h@2x.png"; sourceTree = "<group>"; };
		BE5A22771664F87600CF01C9 /* SenTestingKit.framework */ = {isa = PBXFileReference; lastKnownFileType = wrapper.framework; name = SenTestingKit.framework; path = Library/Frameworks/SenTestingKit.framework; sourceTree = DEVELOPER_DIR; };
		BE69AD87169592C4001BE1CD /* iTunesArtwork */ = {isa = PBXFileReference; lastKnownFileType = file; path = iTunesArtwork; sourceTree = "<group>"; };
		BE69AD8A1695954D001BE1CD /* Icon-72.png */ = {isa = PBXFileReference; lastKnownFileType = image.png; path = "Icon-72.png"; sourceTree = "<group>"; };
		BE69AD8B1695954D001BE1CD /* Icon.png */ = {isa = PBXFileReference; lastKnownFileType = image.png; path = Icon.png; sourceTree = "<group>"; };
		BE69AD8C1695954D001BE1CD /* Icon@2x.png */ = {isa = PBXFileReference; lastKnownFileType = image.png; path = "Icon@2x.png"; sourceTree = "<group>"; };
		BE7B7AFF170438D0002341F4 /* ViewController.h */ = {isa = PBXFileReference; fileEncoding = 4; lastKnownFileType = sourcecode.c.h; path = ViewController.h; sourceTree = "<group>"; };
		BE7B7B00170438D0002341F4 /* ViewController.m */ = {isa = PBXFileReference; fileEncoding = 4; lastKnownFileType = sourcecode.c.objc; path = ViewController.m; sourceTree = "<group>"; };
		BE9086F616FF02B2004400A1 /* headlessinst.cxx */ = {isa = PBXFileReference; fileEncoding = 4; lastKnownFileType = sourcecode.cpp.cpp; name = headlessinst.cxx; path = ../../../../vcl/headless/headlessinst.cxx; sourceTree = "<group>"; };
		BE9086F716FF02B2004400A1 /* svpbmp.cxx */ = {isa = PBXFileReference; fileEncoding = 4; lastKnownFileType = sourcecode.cpp.cpp; name = svpbmp.cxx; path = ../../../../vcl/headless/svpbmp.cxx; sourceTree = "<group>"; };
		BE9086F816FF02B2004400A1 /* svpdata.cxx */ = {isa = PBXFileReference; fileEncoding = 4; lastKnownFileType = sourcecode.cpp.cpp; name = svpdata.cxx; path = ../../../../vcl/headless/svpdata.cxx; sourceTree = "<group>"; };
		BE9086F916FF02B2004400A1 /* svpdummies.cxx */ = {isa = PBXFileReference; fileEncoding = 4; lastKnownFileType = sourcecode.cpp.cpp; name = svpdummies.cxx; path = ../../../../vcl/headless/svpdummies.cxx; sourceTree = "<group>"; };
		BE9086FA16FF02B3004400A1 /* svpelement.cxx */ = {isa = PBXFileReference; fileEncoding = 4; lastKnownFileType = sourcecode.cpp.cpp; name = svpelement.cxx; path = ../../../../vcl/headless/svpelement.cxx; sourceTree = "<group>"; };
		BE9086FB16FF02B3004400A1 /* svpframe.cxx */ = {isa = PBXFileReference; fileEncoding = 4; lastKnownFileType = sourcecode.cpp.cpp; name = svpframe.cxx; path = ../../../../vcl/headless/svpframe.cxx; sourceTree = "<group>"; };
		BE9086FC16FF02B3004400A1 /* svpgdi.cxx */ = {isa = PBXFileReference; fileEncoding = 4; lastKnownFileType = sourcecode.cpp.cpp; name = svpgdi.cxx; path = ../../../../vcl/headless/svpgdi.cxx; sourceTree = "<group>"; };
		BE9086FD16FF02B3004400A1 /* svpinst.cxx */ = {isa = PBXFileReference; fileEncoding = 4; lastKnownFileType = sourcecode.cpp.cpp; name = svpinst.cxx; path = ../../../../vcl/headless/svpinst.cxx; sourceTree = "<group>"; };
		BE9086FE16FF02B3004400A1 /* svpprn.cxx */ = {isa = PBXFileReference; fileEncoding = 4; lastKnownFileType = sourcecode.cpp.cpp; name = svpprn.cxx; path = ../../../../vcl/headless/svpprn.cxx; sourceTree = "<group>"; };
		BE9086FF16FF02B3004400A1 /* svptext.cxx */ = {isa = PBXFileReference; fileEncoding = 4; lastKnownFileType = sourcecode.cpp.cpp; name = svptext.cxx; path = ../../../../vcl/headless/svptext.cxx; sourceTree = "<group>"; };
		BE90870016FF02B3004400A1 /* svpvd.cxx */ = {isa = PBXFileReference; fileEncoding = 4; lastKnownFileType = sourcecode.cpp.cpp; name = svpvd.cxx; path = ../../../../vcl/headless/svpvd.cxx; sourceTree = "<group>"; };
		BEBF3E3A17002D0200C454AC /* svapp.cxx */ = {isa = PBXFileReference; fileEncoding = 4; lastKnownFileType = sourcecode.cpp.cpp; name = svapp.cxx; path = ../../../../vcl/source/app/svapp.cxx; sourceTree = "<group>"; };
		BEBF3E3B17002D0200C454AC /* svmain.cxx */ = {isa = PBXFileReference; fileEncoding = 4; lastKnownFileType = sourcecode.cpp.cpp; name = svmain.cxx; path = ../../../../vcl/source/app/svmain.cxx; sourceTree = "<group>"; };
		BEBF3E3C17002D4C00C454AC /* frame.cxx */ = {isa = PBXFileReference; fileEncoding = 4; lastKnownFileType = sourcecode.cpp.cpp; name = frame.cxx; path = ../../../../framework/source/services/frame.cxx; sourceTree = "<group>"; };
		BEBF3E3D17002D6900C454AC /* window.cxx */ = {isa = PBXFileReference; fileEncoding = 4; lastKnownFileType = sourcecode.cpp.cpp; name = window.cxx; path = ../../../../vcl/source/window/window.cxx; sourceTree = "<group>"; };
		BEBF3E3E17005E6B00C454AC /* frmload.cxx */ = {isa = PBXFileReference; fileEncoding = 4; lastKnownFileType = sourcecode.cpp.cpp; name = frmload.cxx; path = ../../../../sfx2/source/view/frmload.cxx; sourceTree = "<group>"; };
/* End PBXFileReference section */

/* Begin PBXFrameworksBuildPhase section */
		BECC59C2169344C300D29860 /* Frameworks */ = {
			isa = PBXFrameworksBuildPhase;
			buildActionMask = 2147483647;
			files = (
			);
			runOnlyForDeploymentPostprocessing = 0;
		};
/* End PBXFrameworksBuildPhase section */

/* Begin PBXGroup section */
		BE5A224A1664F87600CF01C9 = {
			isa = PBXGroup;
			children = (
				BE5A225F1664F87600CF01C9 /* LibreOffice */,
				BE5A22581664F87600CF01C9 /* Frameworks */,
				BE5A22561664F87600CF01C9 /* Products */,
			);
			sourceTree = "<group>";
		};
		BE5A22561664F87600CF01C9 /* Products */ = {
			isa = PBXGroup;
			children = (
				BE5A22551664F87600CF01C9 /* LibreOffice.app */,
			);
			name = Products;
			sourceTree = "<group>";
		};
		BE5A22581664F87600CF01C9 /* Frameworks */ = {
			isa = PBXGroup;
			children = (
				BE5A22591664F87600CF01C9 /* UIKit.framework */,
				BE5A225B1664F87600CF01C9 /* Foundation.framework */,
				BE5A225D1664F87600CF01C9 /* CoreGraphics.framework */,
				BE5A22771664F87600CF01C9 /* SenTestingKit.framework */,
			);
			name = Frameworks;
			sourceTree = "<group>";
		};
		BE5A225F1664F87600CF01C9 /* LibreOffice */ = {
			isa = PBXGroup;
			children = (
				BE4EEE9916FF724200D475B2 /* bitmapdevice.cxx */,
				BEBF3E3C17002D4C00C454AC /* frame.cxx */,
				BEBF3E3E17005E6B00C454AC /* frmload.cxx */,
				BE9086F616FF02B2004400A1 /* headlessinst.cxx */,
				BE5A22681664F87600CF01C9 /* AppDelegate.h */,
				BE5A22691664F87600CF01C9 /* AppDelegate.m */,
				BE56CD651704A08E00CA5B15 /* lo.h */,
				BE56CD661704A08E00CA5B15 /* lo.mm */,
				BE7B7AFF170438D0002341F4 /* ViewController.h */,
				BE7B7B00170438D0002341F4 /* ViewController.m */,
				BE08805B16FDB784000CED5C /* View.h */,
				BE08805C16FDB784000CED5C /* View.m */,
				BEBF3E3A17002D0200C454AC /* svapp.cxx */,
				BEBF3E3B17002D0200C454AC /* svmain.cxx */,
				BE9086F716FF02B2004400A1 /* svpbmp.cxx */,
				BE9086F816FF02B2004400A1 /* svpdata.cxx */,
				BE9086F916FF02B2004400A1 /* svpdummies.cxx */,
				BE9086FA16FF02B3004400A1 /* svpelement.cxx */,
				BE9086FB16FF02B3004400A1 /* svpframe.cxx */,
				BE9086FC16FF02B3004400A1 /* svpgdi.cxx */,
				BE9086FD16FF02B3004400A1 /* svpinst.cxx */,
				BE9086FE16FF02B3004400A1 /* svpprn.cxx */,
				BE9086FF16FF02B3004400A1 /* svptext.cxx */,
				BE90870016FF02B3004400A1 /* svpvd.cxx */,
				BE4EEE9A16FF80B100D475B2 /* virdev.cxx */,
				BEBF3E3D17002D6900C454AC /* window.cxx */,
				BE69AD3716958CA0001BE1CD /* Resources */,
				BE5A22601664F87600CF01C9 /* Supporting Files */,
			);
			path = LibreOffice;
			sourceTree = "<group>";
		};
		BE5A22601664F87600CF01C9 /* Supporting Files */ = {
			isa = PBXGroup;
			children = (
				BE5A22611664F87600CF01C9 /* LibreOffice-Info.plist */,
				BE5A22621664F87600CF01C9 /* InfoPlist.strings */,
				BE5A22651664F87600CF01C9 /* main.m */,
				BE5A22671664F87600CF01C9 /* LibreOffice-Prefix.pch */,
				BE5A226B1664F87600CF01C9 /* Default.png */,
				BE5A226D1664F87600CF01C9 /* Default@2x.png */,
				BE5A226F1664F87600CF01C9 /* Default-568h@2x.png */,
			);
			name = "Supporting Files";
			sourceTree = "<group>";
		};
		BE69AD3716958CA0001BE1CD /* Resources */ = {
			isa = PBXGroup;
			children = (
				BE69AD87169592C4001BE1CD /* iTunesArtwork */,
				BE69AD8A1695954D001BE1CD /* Icon-72.png */,
				BE69AD8B1695954D001BE1CD /* Icon.png */,
				BE69AD8C1695954D001BE1CD /* Icon@2x.png */,
			);
			name = Resources;
			sourceTree = "<group>";
		};
/* End PBXGroup section */

/* Begin PBXNativeTarget section */
		BE5A22541664F87600CF01C9 /* LibreOffice */ = {
			isa = PBXNativeTarget;
			buildConfigurationList = BE5A22881664F87600CF01C9 /* Build configuration list for PBXNativeTarget "LibreOffice" */;
			buildPhases = (
				BE8B879916933FCD00F61E9F /* ShellScript */,
				BE5A22531664F87600CF01C9 /* Resources */,
				BECC59C2169344C300D29860 /* Frameworks */,
			);
			buildRules = (
			);
			dependencies = (
			);
			name = LibreOffice;
			productName = LibreOffice;
			productReference = BE5A22551664F87600CF01C9 /* LibreOffice.app */;
			productType = "com.apple.product-type.application";
		};
/* End PBXNativeTarget section */

/* Begin PBXProject section */
		BE5A224C1664F87600CF01C9 /* Project object */ = {
			isa = PBXProject;
			attributes = {
				LastUpgradeCheck = 0450;
				ORGANIZATIONNAME = "Tor Lillqvist";
			};
			buildConfigurationList = BE5A224F1664F87600CF01C9 /* Build configuration list for PBXProject "LibreOffice" */;
			compatibilityVersion = "Xcode 3.2";
			developmentRegion = English;
			hasScannedForEncodings = 0;
			knownRegions = (
				en,
			);
			mainGroup = BE5A224A1664F87600CF01C9;
			productRefGroup = BE5A22561664F87600CF01C9 /* Products */;
			projectDirPath = "";
			projectRoot = "";
			targets = (
				BE5A22541664F87600CF01C9 /* LibreOffice */,
			);
		};
/* End PBXProject section */

/* Begin PBXResourcesBuildPhase section */
		BE5A22531664F87600CF01C9 /* Resources */ = {
			isa = PBXResourcesBuildPhase;
			buildActionMask = 2147483647;
			files = (
				BE5A22641664F87600CF01C9 /* InfoPlist.strings in Resources */,
				BE5A226C1664F87600CF01C9 /* Default.png in Resources */,
				BE5A226E1664F87600CF01C9 /* Default@2x.png in Resources */,
				BE5A22701664F87600CF01C9 /* Default-568h@2x.png in Resources */,
				BE69AD88169592C4001BE1CD /* iTunesArtwork in Resources */,
				BE69AD8D1695954D001BE1CD /* Icon-72.png in Resources */,
				BE69AD8E1695954D001BE1CD /* Icon.png in Resources */,
				BE69AD8F1695954D001BE1CD /* Icon@2x.png in Resources */,
			);
			runOnlyForDeploymentPostprocessing = 0;
		};
/* End PBXResourcesBuildPhase section */

/* Begin PBXShellScriptBuildPhase section */
		BE8B879916933FCD00F61E9F /* ShellScript */ = {
			isa = PBXShellScriptBuildPhase;
			buildActionMask = 2147483647;
			files = (
			);
			inputPaths = (
			);
			outputPaths = (
				"$(CONFIGURATION_BUILD_DIR)/$(EXECUTABLE_PATH)",
			);
			runOnlyForDeploymentPostprocessing = 0;
			shellPath = /bin/sh;
			shellScript = "cd ../../.. && /opt/lo/bin/make ios";
		};
/* End PBXShellScriptBuildPhase section */

/* Begin PBXVariantGroup section */
		BE5A22621664F87600CF01C9 /* InfoPlist.strings */ = {
			isa = PBXVariantGroup;
			children = (
				BE5A22631664F87600CF01C9 /* en */,
			);
			name = InfoPlist.strings;
			sourceTree = "<group>";
		};
/* End PBXVariantGroup section */

/* Begin XCBuildConfiguration section */
		BE5A22861664F87600CF01C9 /* Debug */ = {
			isa = XCBuildConfiguration;
			buildSettings = {
				CLANG_WARN__DUPLICATE_METHOD_MATCH = YES;
				"CODE_SIGN_IDENTITY[sdk=iphoneos*]" = "iPhone Developer";
				COPY_PHASE_STRIP = NO;
				GCC_OPTIMIZATION_LEVEL = 0;
				GCC_PREPROCESSOR_DEFINITIONS = (
					"DEBUG=1",
					"$(inherited)",
				);
				GCC_WARN_ABOUT_RETURN_TYPE = YES;
				GCC_WARN_UNINITIALIZED_AUTOS = YES;
				GCC_WARN_UNUSED_VARIABLE = YES;
				IPHONEOS_DEPLOYMENT_TARGET = 5.0;
				LIBRARY_SEARCH_PATHS = "";
				OTHER_LDFLAGS = "-v";
				SDKROOT = iphoneos;
				TARGETED_DEVICE_FAMILY = 2;
				VALID_ARCHS = armv7;
			};
			name = Debug;
		};
		BE5A22871664F87600CF01C9 /* Release */ = {
			isa = XCBuildConfiguration;
			buildSettings = {
				CLANG_WARN__DUPLICATE_METHOD_MATCH = YES;
				"CODE_SIGN_IDENTITY[sdk=iphoneos*]" = "iPhone Developer";
				COPY_PHASE_STRIP = YES;
				GCC_WARN_ABOUT_RETURN_TYPE = YES;
				GCC_WARN_UNINITIALIZED_AUTOS = YES;
				GCC_WARN_UNUSED_VARIABLE = YES;
				IPHONEOS_DEPLOYMENT_TARGET = 5.0;
				LIBRARY_SEARCH_PATHS = "";
				OTHER_CFLAGS = "-DNS_BLOCK_ASSERTIONS=1";
				OTHER_LDFLAGS = "-v";
				SDKROOT = iphoneos;
				TARGETED_DEVICE_FAMILY = 2;
				VALID_ARCHS = armv7;
			};
			name = Release;
		};
		BE5A22891664F87600CF01C9 /* Debug */ = {
			isa = XCBuildConfiguration;
			buildSettings = {
				GCC_PRECOMPILE_PREFIX_HEADER = YES;
				GCC_PREFIX_HEADER = "LibreOffice/LibreOffice-Prefix.pch";
				INFOPLIST_FILE = "LibreOffice/LibreOffice-Info.plist";
				IPHONEOS_DEPLOYMENT_TARGET = 5.0;
				LIBRARY_SEARCH_PATHS = "../../../workdir/$(LO_INPATH)/LinkTarget/Library";
				PRODUCT_NAME = "$(TARGET_NAME)";
				WRAPPER_EXTENSION = app;
			};
			name = Debug;
		};
		BE5A228A1664F87600CF01C9 /* Release */ = {
			isa = XCBuildConfiguration;
			buildSettings = {
				GCC_PRECOMPILE_PREFIX_HEADER = YES;
				GCC_PREFIX_HEADER = "LibreOffice/LibreOffice-Prefix.pch";
				INFOPLIST_FILE = "LibreOffice/LibreOffice-Info.plist";
				IPHONEOS_DEPLOYMENT_TARGET = 5.0;
				LIBRARY_SEARCH_PATHS = "../../../workdir/$(LO_INPATH)/LinkTarget/Library";
				PRODUCT_NAME = "$(TARGET_NAME)";
				WRAPPER_EXTENSION = app;
			};
			name = Release;
		};
/* End XCBuildConfiguration section */

/* Begin XCConfigurationList section */
		BE5A224F1664F87600CF01C9 /* Build configuration list for PBXProject "LibreOffice" */ = {
			isa = XCConfigurationList;
			buildConfigurations = (
				BE5A22861664F87600CF01C9 /* Debug */,
				BE5A22871664F87600CF01C9 /* Release */,
			);
			defaultConfigurationIsVisible = 0;
			defaultConfigurationName = Release;
		};
		BE5A22881664F87600CF01C9 /* Build configuration list for PBXNativeTarget "LibreOffice" */ = {
			isa = XCConfigurationList;
			buildConfigurations = (
				BE5A22891664F87600CF01C9 /* Debug */,
				BE5A228A1664F87600CF01C9 /* Release */,
			);
			defaultConfigurationIsVisible = 0;
			defaultConfigurationName = Release;
		};
/* End XCConfigurationList section */
	};
	rootObject = BE5A224C1664F87600CF01C9 /* Project object */;
}
