// !$*UTF8*$!
{
 archiveVersion = 1;
 classes = {
 };
 objectVersion = 46;
 objects = {
  X0003703 = {
   attributes = {
    LastUpgradeCheck = 0500;
    ORGANIZATIONNAME = LibreOffice;
   };
   buildConfigurationList = X000370d;
   compatibilityVersion = "Xcode 3.2";
   hasScannedForEncodings = 0;
   isa = PBXProject;
   knownRegions = ;
   mainGroup = X0003704;
   productRefGroup = X0003707;
   projectDirPath = ;
   projectRoot = ;
   targets = X0003709;
  };
  X0003704 = {
   children = ;
   isa = PBXGroup;
   sourceTree = "<group>";
  };
  X0003705 = {
   children = {
   };
   isa = PBXGroup;
   path = ;
   sourceTree = "<group>";
  };
  X0003708 = {
   children = ;
   isa = PBXGroup;
   name = Products;
   sourceTree = "<group>";
  };
  X0003709 = {
   buildConfigurationList = X000370e;
   buildPhases = ;
   buildRules = ;
   dependencies = ;
   isa = PBXNativeTarget;
   name = ;
   productName = ;
   productReference = X0003706;
   productType = ;
  };
  X000370a = {
   isa = PBXFileReference;
   lastKnownFileType = "sourcecode.cpp.cpp";
   path = "vcl/qa/cppunit/jpeg/JpegReaderTest.cxx";
  };
  X000370b = {
   fileRef = X000370a;
   isa = PBXBuildFile;
  };
  X000370c = {
   buildActionMask = 2147483647;
   files = ;
   isa = PBXSourcesBuildPhase;
   runOnlyForDeploymentPostprocessing = 0;
  };
 };
 rootObject = X0003703;
}