// !$*UTF8*$!
{
 archiveVersion = 1;
 classes = {
 };
 objectVersion = 46;
 objects = {
  X0002935 = {
   attributes = {
    LastUpgradeCheck = 0500;
    ORGANIZATIONNAME = LibreOffice;
   };
   buildConfigurationList = X000293f;
   compatibilityVersion = "Xcode 3.2";
   hasScannedForEncodings = 0;
   isa = PBXProject;
   knownRegions = ;
   mainGroup = X0002936;
   productRefGroup = X0002939;
   projectDirPath = ;
   projectRoot = ;
   targets = X000293b;
  };
  X0002936 = {
   children = ;
   isa = PBXGroup;
   sourceTree = "<group>";
  };
  X0002937 = {
   children = {
   };
   isa = PBXGroup;
   path = ;
   sourceTree = "<group>";
  };
  X000293a = {
   children = ;
   isa = PBXGroup;
   name = Products;
   sourceTree = "<group>";
  };
  X000293b = {
   buildConfigurationList = X0002940;
   buildPhases = ;
   buildRules = ;
   dependencies = ;
   isa = PBXNativeTarget;
   name = ;
   productName = ;
   productReference = X0002938;
   productType = ;
  };
  X000293c = {
   isa = PBXFileReference;
   lastKnownFileType = "sourcecode.cpp.cpp";
   path = "dbaccess/qa/extras/macros-test.cxx";
  };
  X000293d = {
   fileRef = X000293c;
   isa = PBXBuildFile;
  };
  X000293e = {
   buildActionMask = 2147483647;
   files = ;
   isa = PBXSourcesBuildPhase;
   runOnlyForDeploymentPostprocessing = 0;
  };
 };
 rootObject = X0002935;
}