// !$*UTF8*$!
{
 archiveVersion = 1;
 classes = {
 };
 objectVersion = 46;
 objects = {
  X0001649 = {
   attributes = {
    LastUpgradeCheck = 0500;
    ORGANIZATIONNAME = LibreOffice;
   };
   buildConfigurationList = X0001653;
   compatibilityVersion = "Xcode 3.2";
   hasScannedForEncodings = 0;
   isa = PBXProject;
   knownRegions = ;
   mainGroup = X000164a;
   productRefGroup = X000164d;
   projectDirPath = ;
   projectRoot = ;
   targets = X000164f;
  };
  X000164a = {
   children = ;
   isa = PBXGroup;
   sourceTree = "<group>";
  };
  X000164b = {
   children = {
   };
   isa = PBXGroup;
   path = ;
   sourceTree = "<group>";
  };
  X000164e = {
   children = ;
   isa = PBXGroup;
   name = Products;
   sourceTree = "<group>";
  };
  X000164f = {
   buildConfigurationList = X0001654;
   buildPhases = ;
   buildRules = ;
   dependencies = ;
   isa = PBXNativeTarget;
   name = ;
   productName = ;
   productReference = X000164c;
   productType = ;
  };
  X0001650 = {
   isa = PBXFileReference;
   lastKnownFileType = "sourcecode.cpp.cpp";
   path = "sw/qa/extras/ooxmlexport/ooxmlexport4.cxx";
  };
  X0001651 = {
   fileRef = X0001650;
   isa = PBXBuildFile;
  };
  X0001652 = {
   buildActionMask = 2147483647;
   files = ;
   isa = PBXSourcesBuildPhase;
   runOnlyForDeploymentPostprocessing = 0;
  };
 };
 rootObject = X0001649;
}