// !$*UTF8*$!
{
 archiveVersion = 1;
 classes = {
 };
 objectVersion = 46;
 objects = {
  X0001f99 = {
   attributes = {
    LastUpgradeCheck = 0500;
    ORGANIZATIONNAME = LibreOffice;
   };
   buildConfigurationList = X0001fa3;
   compatibilityVersion = "Xcode 3.2";
   hasScannedForEncodings = 0;
   isa = PBXProject;
   knownRegions = ;
   mainGroup = X0001f9a;
   productRefGroup = X0001f9d;
   projectDirPath = ;
   projectRoot = ;
   targets = X0001f9f;
  };
  X0001f9a = {
   children = ;
   isa = PBXGroup;
   sourceTree = "<group>";
  };
  X0001f9b = {
   children = {
   };
   isa = PBXGroup;
   path = ;
   sourceTree = "<group>";
  };
  X0001f9e = {
   children = ;
   isa = PBXGroup;
   name = Products;
   sourceTree = "<group>";
  };
  X0001f9f = {
   buildConfigurationList = X0001fa4;
   buildPhases = ;
   buildRules = ;
   dependencies = ;
   isa = PBXNativeTarget;
   name = ;
   productName = ;
   productReference = X0001f9c;
   productType = ;
  };
  X0001fa0 = {
   isa = PBXFileReference;
   lastKnownFileType = "sourcecode.cpp.cpp";
   path = "writerfilter/qa/cppunittests/misc/misc.cxx";
  };
  X0001fa1 = {
   fileRef = X0001fa0;
   isa = PBXBuildFile;
  };
  X0001fa2 = {
   buildActionMask = 2147483647;
   files = ;
   isa = PBXSourcesBuildPhase;
   runOnlyForDeploymentPostprocessing = 0;
  };
 };
 rootObject = X0001f99;
}