// !$*UTF8*$!
{
 archiveVersion = 1;
 classes = {
 };
 objectVersion = 46;
 objects = {
  X00009cb = {
   attributes = {
    LastUpgradeCheck = 0500;
    ORGANIZATIONNAME = LibreOffice;
   };
   buildConfigurationList = X00009d5;
   compatibilityVersion = "Xcode 3.2";
   hasScannedForEncodings = 0;
   isa = PBXProject;
   knownRegions = ;
   mainGroup = X00009cc;
   productRefGroup = X00009cf;
   projectDirPath = ;
   projectRoot = ;
   targets = X00009d1;
  };
  X00009cc = {
   children = ;
   isa = PBXGroup;
   sourceTree = "<group>";
  };
  X00009cd = {
   children = {
   };
   isa = PBXGroup;
   path = ;
   sourceTree = "<group>";
  };
  X00009d0 = {
   children = ;
   isa = PBXGroup;
   name = Products;
   sourceTree = "<group>";
  };
  X00009d1 = {
   buildConfigurationList = X00009d6;
   buildPhases = ;
   buildRules = ;
   dependencies = ;
   isa = PBXNativeTarget;
   name = ;
   productName = ;
   productReference = X00009ce;
   productType = ;
  };
  X00009d2 = {
   isa = PBXFileReference;
   lastKnownFileType = "sourcecode.cpp.cpp";
   path = "sc/qa/unit/range.cxx";
  };
  X00009d3 = {
   fileRef = X00009d2;
   isa = PBXBuildFile;
  };
  X00009d4 = {
   buildActionMask = 2147483647;
   files = ;
   isa = PBXSourcesBuildPhase;
   runOnlyForDeploymentPostprocessing = 0;
  };
 };
 rootObject = X00009cb;
}