// !$*UTF8*$!
{
 archiveVersion = 1;
 classes = {
 };
 objectVersion = 46;
 objects = {
  X00037b9 = {
   attributes = {
    LastUpgradeCheck = 0500;
    ORGANIZATIONNAME = LibreOffice;
   };
   buildConfigurationList = X00037c3;
   compatibilityVersion = "Xcode 3.2";
   hasScannedForEncodings = 0;
   isa = PBXProject;
   knownRegions = ;
   mainGroup = X00037ba;
   productRefGroup = X00037bd;
   projectDirPath = ;
   projectRoot = ;
   targets = X00037bf;
  };
  X00037ba = {
   children = ;
   isa = PBXGroup;
   sourceTree = "<group>";
  };
  X00037bb = {
   children = {
   };
   isa = PBXGroup;
   path = ;
   sourceTree = "<group>";
  };
  X00037be = {
   children = ;
   isa = PBXGroup;
   name = Products;
   sourceTree = "<group>";
  };
  X00037bf = {
   buildConfigurationList = X00037c4;
   buildPhases = ;
   buildRules = ;
   dependencies = ;
   isa = PBXNativeTarget;
   name = ;
   productName = ;
   productReference = X00037bc;
   productType = "com.apple.product-type.something";
  };
  X00037c0 = {
   isa = PBXFileReference;
   lastKnownFileType = "sourcecode.cpp.cpp";
   path = "vcl/workben/outdevgrind.cxx";
  };
  X00037c1 = {
   fileRef = X00037c0;
   isa = PBXBuildFile;
  };
  X00037c2 = {
   buildActionMask = 2147483647;
   files = ;
   isa = PBXSourcesBuildPhase;
   runOnlyForDeploymentPostprocessing = 0;
  };
 };
 rootObject = X00037b9;
}