// !$*UTF8*$!
{
 archiveVersion = 1;
 classes = {
 };
 objectVersion = 46;
 objects = {
  X0001691 = {
   attributes = {
    LastUpgradeCheck = 0500;
    ORGANIZATIONNAME = LibreOffice;
   };
   buildConfigurationList = X000169b;
   compatibilityVersion = "Xcode 3.2";
   hasScannedForEncodings = 0;
   isa = PBXProject;
   knownRegions = ;
   mainGroup = X0001692;
   productRefGroup = X0001695;
   projectDirPath = ;
   projectRoot = ;
   targets = X0001697;
  };
  X0001692 = {
   children = ;
   isa = PBXGroup;
   sourceTree = "<group>";
  };
  X0001693 = {
   children = {
   };
   isa = PBXGroup;
   path = ;
   sourceTree = "<group>";
  };
  X0001696 = {
   children = ;
   isa = PBXGroup;
   name = Products;
   sourceTree = "<group>";
  };
  X0001697 = {
   buildConfigurationList = X000169c;
   buildPhases = ;
   buildRules = ;
   dependencies = ;
   isa = PBXNativeTarget;
   name = ;
   productName = ;
   productReference = X0001694;
   productType = ;
  };
  X0001698 = {
   isa = PBXFileReference;
   lastKnownFileType = "sourcecode.cpp.cpp";
   path = "sw/qa/extras/ooxmlexport/ooxmlexport2.cxx";
  };
  X0001699 = {
   fileRef = X0001698;
   isa = PBXBuildFile;
  };
  X000169a = {
   buildActionMask = 2147483647;
   files = ;
   isa = PBXSourcesBuildPhase;
   runOnlyForDeploymentPostprocessing = 0;
  };
 };
 rootObject = X0001691;
}