// !$*UTF8*$!
{
 archiveVersion = 1;
 classes = {
 };
 objectVersion = 46;
 objects = {
  X0005125 = {
   attributes = {
    LastUpgradeCheck = 0500;
    ORGANIZATIONNAME = LibreOffice;
   };
   buildConfigurationList = X0005131;
   compatibilityVersion = "Xcode 3.2";
   hasScannedForEncodings = 0;
   isa = PBXProject;
   knownRegions = ;
   mainGroup = X0005126;
   productRefGroup = X0005129;
   projectDirPath = ;
   projectRoot = ;
   targets = X000512b;
  };
  X0005126 = {
   children = ;
   isa = PBXGroup;
   sourceTree = "<group>";
  };
  X0005127 = {
   children = {
   };
   isa = PBXGroup;
   path = ;
   sourceTree = "<group>";
  };
  X000512a = {
   children = ;
   isa = PBXGroup;
   name = Products;
   sourceTree = "<group>";
  };
  X000512b = {
   buildConfigurationList = X0005132;
   buildPhases = ;
   buildRules = ;
   dependencies = ;
   isa = PBXNativeTarget;
   name = ;
   productName = ;
   productReference = X0005128;
   productType = "com.apple.product-type.something";
  };
  X000512c = {
   isa = PBXFileReference;
   lastKnownFileType = "sourcecode.cpp.cpp";
   path = "l10ntools/source/propmerge.cxx";
  };
  X000512d = {
   fileRef = X000512c;
   isa = PBXBuildFile;
  };
  X000512e = {
   isa = PBXFileReference;
   lastKnownFileType = "sourcecode.cpp.cpp";
   path = "l10ntools/source/propex.cxx";
  };
  X000512f = {
   fileRef = X000512e;
   isa = PBXBuildFile;
  };
  X0005130 = {
   buildActionMask = 2147483647;
   files = ;
   isa = PBXSourcesBuildPhase;
   runOnlyForDeploymentPostprocessing = 0;
  };
 };
 rootObject = X0005125;
}