// !$*UTF8*$!
{
 archiveVersion = 1;
 classes = {
 };
 objectVersion = 46;
 objects = {
  X0004fc9 = {
   attributes = {
    LastUpgradeCheck = 0500;
    ORGANIZATIONNAME = LibreOffice;
   };
   buildConfigurationList = X0004fd3;
   compatibilityVersion = "Xcode 3.2";
   hasScannedForEncodings = 0;
   isa = PBXProject;
   knownRegions = ;
   mainGroup = X0004fca;
   productRefGroup = X0004fcd;
   projectDirPath = ;
   projectRoot = ;
   targets = X0004fcf;
  };
  X0004fca = {
   children = ;
   isa = PBXGroup;
   sourceTree = "<group>";
  };
  X0004fcb = {
   children = {
   };
   isa = PBXGroup;
   path = ;
   sourceTree = "<group>";
  };
  X0004fce = {
   children = ;
   isa = PBXGroup;
   name = Products;
   sourceTree = "<group>";
  };
  X0004fcf = {
   buildConfigurationList = X0004fd4;
   buildPhases = ;
   buildRules = ;
   dependencies = ;
   isa = PBXNativeTarget;
   name = ;
   productName = ;
   productReference = X0004fcc;
   productType = "com.apple.product-type.library.dynamic";
  };
  X0004fd0 = {
   isa = PBXFileReference;
   lastKnownFileType = "sourcecode.cpp.cpp";
   path = "scripting/source/vbaevents/eventhelper.cxx";
  };
  X0004fd1 = {
   fileRef = X0004fd0;
   isa = PBXBuildFile;
  };
  X0004fd2 = {
   buildActionMask = 2147483647;
   files = ;
   isa = PBXSourcesBuildPhase;
   runOnlyForDeploymentPostprocessing = 0;
  };
 };
 rootObject = X0004fc9;
}