// !$*UTF8*$!
{
 archiveVersion = 1;
 classes = {
 };
 objectVersion = 46;
 objects = {
  X0000cfb = {
   attributes = {
    LastUpgradeCheck = 0500;
    ORGANIZATIONNAME = LibreOffice;
   };
   buildConfigurationList = X0000d05;
   compatibilityVersion = "Xcode 3.2";
   hasScannedForEncodings = 0;
   isa = PBXProject;
   knownRegions = ;
   mainGroup = X0000cfc;
   productRefGroup = X0000cff;
   projectDirPath = ;
   projectRoot = ;
   targets = X0000d01;
  };
  X0000cfc = {
   children = ;
   isa = PBXGroup;
   sourceTree = "<group>";
  };
  X0000cfd = {
   children = {
   };
   isa = PBXGroup;
   path = ;
   sourceTree = "<group>";
  };
  X0000d00 = {
   children = ;
   isa = PBXGroup;
   name = Products;
   sourceTree = "<group>";
  };
  X0000d01 = {
   buildConfigurationList = X0000d06;
   buildPhases = ;
   buildRules = ;
   dependencies = ;
   isa = PBXNativeTarget;
   name = ;
   productName = ;
   productReference = X0000cfe;
   productType = ;
  };
  X0000d02 = {
   isa = PBXFileReference;
   lastKnownFileType = "sourcecode.cpp.cpp";
   path = "svl/qa/unit/svl.cxx";
  };
  X0000d03 = {
   fileRef = X0000d02;
   isa = PBXBuildFile;
  };
  X0000d04 = {
   buildActionMask = 2147483647;
   files = ;
   isa = PBXSourcesBuildPhase;
   runOnlyForDeploymentPostprocessing = 0;
  };
 };
 rootObject = X0000cfb;
}