// !$*UTF8*$!
{
 archiveVersion = 1;
 classes = {
 };
 objectVersion = 46;
 objects = {
  X0001679 = {
   attributes = {
    LastUpgradeCheck = 0500;
    ORGANIZATIONNAME = LibreOffice;
   };
   buildConfigurationList = X0001683;
   compatibilityVersion = "Xcode 3.2";
   hasScannedForEncodings = 0;
   isa = PBXProject;
   knownRegions = ;
   mainGroup = X000167a;
   productRefGroup = X000167d;
   projectDirPath = ;
   projectRoot = ;
   targets = X000167f;
  };
  X000167a = {
   children = ;
   isa = PBXGroup;
   sourceTree = "<group>";
  };
  X000167b = {
   children = {
   };
   isa = PBXGroup;
   path = ;
   sourceTree = "<group>";
  };
  X000167e = {
   children = ;
   isa = PBXGroup;
   name = Products;
   sourceTree = "<group>";
  };
  X000167f = {
   buildConfigurationList = X0001684;
   buildPhases = ;
   buildRules = ;
   dependencies = ;
   isa = PBXNativeTarget;
   name = ;
   productName = ;
   productReference = X000167c;
   productType = ;
  };
  X0001680 = {
   isa = PBXFileReference;
   lastKnownFileType = "sourcecode.cpp.cpp";
   path = "sw/qa/extras/ooxmlexport/ooxmlexport7.cxx";
  };
  X0001681 = {
   fileRef = X0001680;
   isa = PBXBuildFile;
  };
  X0001682 = {
   buildActionMask = 2147483647;
   files = ;
   isa = PBXSourcesBuildPhase;
   runOnlyForDeploymentPostprocessing = 0;
  };
 };
 rootObject = X0001679;
}