// !$*UTF8*$!
{
 archiveVersion = 1;
 classes = {
 };
 objectVersion = 46;
 objects = {
  X000009d = {
   attributes = {
    LastUpgradeCheck = 0500;
    ORGANIZATIONNAME = LibreOffice;
   };
   buildConfigurationList = X00000a7;
   compatibilityVersion = "Xcode 3.2";
   hasScannedForEncodings = 0;
   isa = PBXProject;
   knownRegions = ;
   mainGroup = X000009e;
   productRefGroup = X00000a1;
   projectDirPath = ;
   projectRoot = ;
   targets = X00000a3;
  };
  X000009e = {
   children = ;
   isa = PBXGroup;
   sourceTree = "<group>";
  };
  X000009f = {
   children = {
   };
   isa = PBXGroup;
   path = ;
   sourceTree = "<group>";
  };
  X00000a2 = {
   children = ;
   isa = PBXGroup;
   name = Products;
   sourceTree = "<group>";
  };
  X00000a3 = {
   buildConfigurationList = X00000a8;
   buildPhases = ;
   buildRules = ;
   dependencies = ;
   isa = PBXNativeTarget;
   name = ;
   productName = ;
   productReference = X00000a0;
   productType = ;
  };
  X00000a4 = {
   isa = PBXFileReference;
   lastKnownFileType = "sourcecode.cpp.cpp";
   path = "sc/qa/extras/check_xcell_ranges_query.cxx";
  };
  X00000a5 = {
   fileRef = X00000a4;
   isa = PBXBuildFile;
  };
  X00000a6 = {
   buildActionMask = 2147483647;
   files = ;
   isa = PBXSourcesBuildPhase;
   runOnlyForDeploymentPostprocessing = 0;
  };
 };
 rootObject = X000009d;
}