// !$*UTF8*$!
{
 archiveVersion = 1;
 classes = {
 };
 objectVersion = 46;
 objects = {
  X00008cd = {
   attributes = {
    LastUpgradeCheck = 0500;
    ORGANIZATIONNAME = LibreOffice;
   };
   buildConfigurationList = X00008d7;
   compatibilityVersion = "Xcode 3.2";
   hasScannedForEncodings = 0;
   isa = PBXProject;
   knownRegions = ;
   mainGroup = X00008ce;
   productRefGroup = X00008d1;
   projectDirPath = ;
   projectRoot = ;
   targets = X00008d3;
  };
  X00008ce = {
   children = ;
   isa = PBXGroup;
   sourceTree = "<group>";
  };
  X00008cf = {
   children = {
   };
   isa = PBXGroup;
   path = ;
   sourceTree = "<group>";
  };
  X00008d2 = {
   children = ;
   isa = PBXGroup;
   name = Products;
   sourceTree = "<group>";
  };
  X00008d3 = {
   buildConfigurationList = X00008d8;
   buildPhases = ;
   buildRules = ;
   dependencies = ;
   isa = PBXNativeTarget;
   name = ;
   productName = ;
   productReference = X00008d0;
   productType = ;
  };
  X00008d4 = {
   isa = PBXFileReference;
   lastKnownFileType = "sourcecode.cpp.cpp";
   path = "sc/qa/extras/sctablesheetobj.cxx";
  };
  X00008d5 = {
   fileRef = X00008d4;
   isa = PBXBuildFile;
  };
  X00008d6 = {
   buildActionMask = 2147483647;
   files = ;
   isa = PBXSourcesBuildPhase;
   runOnlyForDeploymentPostprocessing = 0;
  };
 };
 rootObject = X00008cd;
}