// !$*UTF8*$!
{
 archiveVersion = 1;
 classes = {
 };
 objectVersion = 46;
 objects = {
  X00014f9 = {
   attributes = {
    LastUpgradeCheck = 0500;
    ORGANIZATIONNAME = LibreOffice;
   };
   buildConfigurationList = X0001503;
   compatibilityVersion = "Xcode 3.2";
   hasScannedForEncodings = 0;
   isa = PBXProject;
   knownRegions = ;
   mainGroup = X00014fa;
   productRefGroup = X00014fd;
   projectDirPath = ;
   projectRoot = ;
   targets = X00014ff;
  };
  X00014fa = {
   children = ;
   isa = PBXGroup;
   sourceTree = "<group>";
  };
  X00014fb = {
   children = {
   };
   isa = PBXGroup;
   path = ;
   sourceTree = "<group>";
  };
  X00014fe = {
   children = ;
   isa = PBXGroup;
   name = Products;
   sourceTree = "<group>";
  };
  X00014ff = {
   buildConfigurationList = X0001504;
   buildPhases = ;
   buildRules = ;
   dependencies = ;
   isa = PBXNativeTarget;
   name = ;
   productName = ;
   productReference = X00014fc;
   productType = ;
  };
  X0001500 = {
   isa = PBXFileReference;
   lastKnownFileType = "sourcecode.cpp.cpp";
   path = "sw/qa/extras/ooxmlexport/ooxmlexport.cxx";
  };
  X0001501 = {
   fileRef = X0001500;
   isa = PBXBuildFile;
  };
  X0001502 = {
   buildActionMask = 2147483647;
   files = ;
   isa = PBXSourcesBuildPhase;
   runOnlyForDeploymentPostprocessing = 0;
  };
 };
 rootObject = X00014f9;
}