// !$*UTF8*$!
{
 archiveVersion = 1;
 classes = {
 };
 objectVersion = 46;
 objects = {
  X0001c87 = {
   attributes = {
    LastUpgradeCheck = 0500;
    ORGANIZATIONNAME = LibreOffice;
   };
   buildConfigurationList = X0001c91;
   compatibilityVersion = "Xcode 3.2";
   hasScannedForEncodings = 0;
   isa = PBXProject;
   knownRegions = ;
   mainGroup = X0001c88;
   productRefGroup = X0001c8b;
   projectDirPath = ;
   projectRoot = ;
   targets = X0001c8d;
  };
  X0001c88 = {
   children = ;
   isa = PBXGroup;
   sourceTree = "<group>";
  };
  X0001c89 = {
   children = {
   };
   isa = PBXGroup;
   path = ;
   sourceTree = "<group>";
  };
  X0001c8c = {
   children = ;
   isa = PBXGroup;
   name = Products;
   sourceTree = "<group>";
  };
  X0001c8d = {
   buildConfigurationList = X0001c92;
   buildPhases = ;
   buildRules = ;
   dependencies = ;
   isa = PBXNativeTarget;
   name = ;
   productName = ;
   productReference = X0001c8a;
   productType = ;
  };
  X0001c8e = {
   isa = PBXFileReference;
   lastKnownFileType = "sourcecode.cpp.cpp";
   path = "sd/qa/unit/filters-test.cxx";
  };
  X0001c8f = {
   fileRef = X0001c8e;
   isa = PBXBuildFile;
  };
  X0001c90 = {
   buildActionMask = 2147483647;
   files = ;
   isa = PBXSourcesBuildPhase;
   runOnlyForDeploymentPostprocessing = 0;
  };
 };
 rootObject = X0001c87;
}