// !$*UTF8*$!
{
 archiveVersion = 1;
 classes = {
 };
 objectVersion = 46;
 objects = {
  X000244d = {
   attributes = {
    LastUpgradeCheck = 0500;
    ORGANIZATIONNAME = LibreOffice;
   };
   buildConfigurationList = X0002455;
   compatibilityVersion = "Xcode 3.2";
   hasScannedForEncodings = 0;
   isa = PBXProject;
   knownRegions = ;
   mainGroup = X000244e;
   productRefGroup = X0002451;
   projectDirPath = ;
   projectRoot = ;
   targets = X0002453;
  };
  X000244e = {
   children = ;
   isa = PBXGroup;
   sourceTree = "<group>";
  };
  X000244f = {
   children = {
   };
   isa = PBXGroup;
   path = ;
   sourceTree = "<group>";
  };
  X0002452 = {
   children = ;
   isa = PBXGroup;
   name = Products;
   sourceTree = "<group>";
  };
  X0002453 = {
   buildConfigurationList = X0002456;
   buildPhases = ;
   buildRules = ;
   dependencies = ;
   isa = PBXNativeTarget;
   name = ;
   productName = ;
   productReference = X0002450;
   productType = "com.apple.product-type.library.dynamic";
  };
  X0002454 = {
   buildActionMask = 2147483647;
   files = ;
   isa = PBXSourcesBuildPhase;
   runOnlyForDeploymentPostprocessing = 0;
  };
 };
 rootObject = X000244d;
}