// !$*UTF8*$!
{
 archiveVersion = 1;
 classes = {
 };
 objectVersion = 46;
 objects = {
  X000510d = {
   attributes = {
    LastUpgradeCheck = 0500;
    ORGANIZATIONNAME = LibreOffice;
   };
   buildConfigurationList = X0005117;
   compatibilityVersion = "Xcode 3.2";
   hasScannedForEncodings = 0;
   isa = PBXProject;
   knownRegions = ;
   mainGroup = X000510e;
   productRefGroup = X0005111;
   projectDirPath = ;
   projectRoot = ;
   targets = X0005113;
  };
  X000510e = {
   children = ;
   isa = PBXGroup;
   sourceTree = "<group>";
  };
  X000510f = {
   children = {
   };
   isa = PBXGroup;
   path = ;
   sourceTree = "<group>";
  };
  X0005112 = {
   children = ;
   isa = PBXGroup;
   name = Products;
   sourceTree = "<group>";
  };
  X0005113 = {
   buildConfigurationList = X0005118;
   buildPhases = ;
   buildRules = ;
   dependencies = ;
   isa = PBXNativeTarget;
   name = ;
   productName = ;
   productReference = X0005110;
   productType = "com.apple.product-type.something";
  };
  X0005114 = {
   isa = PBXFileReference;
   lastKnownFileType = "sourcecode.cpp.cpp";
   path = "l10ntools/source/pocheck.cxx";
  };
  X0005115 = {
   fileRef = X0005114;
   isa = PBXBuildFile;
  };
  X0005116 = {
   buildActionMask = 2147483647;
   files = ;
   isa = PBXSourcesBuildPhase;
   runOnlyForDeploymentPostprocessing = 0;
  };
 };
 rootObject = X000510d;
}