// !$*UTF8*$!
{
	archiveVersion = 1;
	classes = {
	};
	objectVersion = 46;
	objects = {

/* Begin PBXBuildFile section */
		681D78BA180C12D300D52D5E /* fundamentalrc in Resources */ = {isa = PBXBuildFile; fileRef = 681D78AF180C12D300D52D5E /* fundamentalrc */; };
		681D78BB180C12D300D52D5E /* offapi.rdb in Resources */ = {isa = PBXBuildFile; fileRef = 681D78B0180C12D300D52D5E /* offapi.rdb */; };
		681D78BC180C12D300D52D5E /* oovbaapi.rdb in Resources */ = {isa = PBXBuildFile; fileRef = 681D78B1180C12D300D52D5E /* oovbaapi.rdb */; };
		681D78BD180C12D300D52D5E /* program in Resources */ = {isa = PBXBuildFile; fileRef = 681D78B2180C12D300D52D5E /* program */; };
		681D78BE180C12D300D52D5E /* rc in Resources */ = {isa = PBXBuildFile; fileRef = 681D78B3180C12D300D52D5E /* rc */; };
		681D78C0180C12D300D52D5E /* services.rdb in Resources */ = {isa = PBXBuildFile; fileRef = 681D78B5180C12D300D52D5E /* services.rdb */; };
		681D78C1180C12D300D52D5E /* share in Resources */ = {isa = PBXBuildFile; fileRef = 681D78B6180C12D300D52D5E /* share */; };
		681D78C2180C12D300D52D5E /* udkapi.rdb in Resources */ = {isa = PBXBuildFile; fileRef = 681D78B7180C12D300D52D5E /* udkapi.rdb */; };
		681D78C3180C12D300D52D5E /* unorc in Resources */ = {isa = PBXBuildFile; fileRef = 681D78B8180C12D300D52D5E /* unorc */; };
		681D78C6180C136400D52D5E /* ure in Resources */ = {isa = PBXBuildFile; fileRef = 681D78C5180C136400D52D5E /* ure */; };
		688EAAE9180D3130003741B3 /* lo.xcconfig in Resources */ = {isa = PBXBuildFile; fileRef = 688EAAE8180D3130003741B3 /* lo.xcconfig */; };
		688EAB01180D67E9003741B3 /* libios_sharedlo.a in Frameworks */ = {isa = PBXBuildFile; fileRef = 688EAAFE180D679F003741B3 /* libios_sharedlo.a */; };
		689EBAEB18069FB7002F1CD7 /* UIKit.framework in Frameworks */ = {isa = PBXBuildFile; fileRef = 689EBAEA18069FB7002F1CD7 /* UIKit.framework */; };
		689EBAED18069FB7002F1CD7 /* Foundation.framework in Frameworks */ = {isa = PBXBuildFile; fileRef = 689EBAEC18069FB7002F1CD7 /* Foundation.framework */; };
		689EBAEF18069FB7002F1CD7 /* CoreGraphics.framework in Frameworks */ = {isa = PBXBuildFile; fileRef = 689EBAEE18069FB7002F1CD7 /* CoreGraphics.framework */; };
		689EBAF718069FB7002F1CD7 /* main.m in Sources */ = {isa = PBXBuildFile; fileRef = 689EBAF618069FB7002F1CD7 /* main.m */; };
		689EBAFD18069FB8002F1CD7 /* Default.png in Resources */ = {isa = PBXBuildFile; fileRef = 689EBAFC18069FB8002F1CD7 /* Default.png */; };
		689EBAFF18069FB8002F1CD7 /* Default@2x.png in Resources */ = {isa = PBXBuildFile; fileRef = 689EBAFE18069FB8002F1CD7 /* Default@2x.png */; };
		689EBB0118069FB8002F1CD7 /* Default-568h@2x.png in Resources */ = {isa = PBXBuildFile; fileRef = 689EBB0018069FB8002F1CD7 /* Default-568h@2x.png */; };
		689EBB2E1806CC3A002F1CD7 /* MLOAppDelegate.m in Sources */ = {isa = PBXBuildFile; fileRef = 689EBB2B1806CC39002F1CD7 /* MLOAppDelegate.m */; };
		689EBB2F1806CC3A002F1CD7 /* MLOAppViewController.m in Sources */ = {isa = PBXBuildFile; fileRef = 689EBB2D1806CC39002F1CD7 /* MLOAppViewController.m */; };
		689EBBAE1806D370002F1CD7 /* MLOCachedFile.m in Sources */ = {isa = PBXBuildFile; fileRef = 689EBBA61806D370002F1CD7 /* MLOCachedFile.m */; };
		689EBBAF1806D370002F1CD7 /* MLOFileCacheManager.m in Sources */ = {isa = PBXBuildFile; fileRef = 689EBBA81806D370002F1CD7 /* MLOFileCacheManager.m */; };
		689EBBB01806D370002F1CD7 /* MLOFileListViewController.m in Sources */ = {isa = PBXBuildFile; fileRef = 689EBBAA1806D370002F1CD7 /* MLOFileListViewController.m */; };
		689EBBB11806D370002F1CD7 /* MLOFileManagerViewController.m in Sources */ = {isa = PBXBuildFile; fileRef = 689EBBAC1806D370002F1CD7 /* MLOFileManagerViewController.m */; };
		68B98C35180B38CD00FFEA35 /* MLOButtonBack.png in Resources */ = {isa = PBXBuildFile; fileRef = 68B98C26180B38CD00FFEA35 /* MLOButtonBack.png */; };
		68B98C36180B38CD00FFEA35 /* MLOButtonBack@2x.png in Resources */ = {isa = PBXBuildFile; fileRef = 68B98C27180B38CD00FFEA35 /* MLOButtonBack@2x.png */; };
		68B98C37180B38CD00FFEA35 /* MLOButtonEdit.png in Resources */ = {isa = PBXBuildFile; fileRef = 68B98C28180B38CD00FFEA35 /* MLOButtonEdit.png */; };
		68B98C38180B38CD00FFEA35 /* MLOButtonExpand.png in Resources */ = {isa = PBXBuildFile; fileRef = 68B98C29180B38CD00FFEA35 /* MLOButtonExpand.png */; };
		68B98C39180B38CD00FFEA35 /* MLOButtonFind.png in Resources */ = {isa = PBXBuildFile; fileRef = 68B98C2A180B38CD00FFEA35 /* MLOButtonFind.png */; };
		68B98C3A180B38CD00FFEA35 /* MLOButtonLeft.png in Resources */ = {isa = PBXBuildFile; fileRef = 68B98C2B180B38CD00FFEA35 /* MLOButtonLeft.png */; };
		68B98C3B180B38CD00FFEA35 /* MLOButtonPrint.png in Resources */ = {isa = PBXBuildFile; fileRef = 68B98C2C180B38CD00FFEA35 /* MLOButtonPrint.png */; };
		68B98C3C180B38CD00FFEA35 /* MLOButtonRight.png in Resources */ = {isa = PBXBuildFile; fileRef = 68B98C2D180B38CD00FFEA35 /* MLOButtonRight.png */; };
		68B98C3D180B38CD00FFEA35 /* MLOButtonSave.png in Resources */ = {isa = PBXBuildFile; fileRef = 68B98C2E180B38CD00FFEA35 /* MLOButtonSave.png */; };
		68B98C3E180B38CD00FFEA35 /* MLOButtonSelectionHandle.png in Resources */ = {isa = PBXBuildFile; fileRef = 68B98C2F180B38CD00FFEA35 /* MLOButtonSelectionHandle.png */; };
		68B98C3F180B38CD00FFEA35 /* MLOButtonShrink.png in Resources */ = {isa = PBXBuildFile; fileRef = 68B98C30180B38CD00FFEA35 /* MLOButtonShrink.png */; };
		68B98C40180B38CD00FFEA35 /* MLOContextualMenuEdge.png in Resources */ = {isa = PBXBuildFile; fileRef = 68B98C31180B38CD00FFEA35 /* MLOContextualMenuEdge.png */; };
		68B98C41180B38CD00FFEA35 /* MLOLibreOfficeLogo.png in Resources */ = {isa = PBXBuildFile; fileRef = 68B98C32180B38CD00FFEA35 /* MLOLibreOfficeLogo.png */; };
		68B98C42180B38CD00FFEA35 /* MLOMagnifier@2x.png in Resources */ = {isa = PBXBuildFile; fileRef = 68B98C33180B38CD00FFEA35 /* MLOMagnifier@2x.png */; };
		68B98C43180B38CD00FFEA35 /* MLOMagnifierMask@2x.png in Resources */ = {isa = PBXBuildFile; fileRef = 68B98C34180B38CD00FFEA35 /* MLOMagnifierMask@2x.png */; };
		68B99ED3180BBEE900FFEA35 /* test1.odt in Resources */ = {isa = PBXBuildFile; fileRef = 68B99ED2180BBEE900FFEA35 /* test1.odt */; };
		68B99ED8180BBF7100FFEA35 /* mlo-icon-57.png in Resources */ = {isa = PBXBuildFile; fileRef = 68B99ED6180BBF7100FFEA35 /* mlo-icon-57.png */; };
		68B99ED9180BBF7100FFEA35 /* mlo-icon-114.png in Resources */ = {isa = PBXBuildFile; fileRef = 68B99ED7180BBF7100FFEA35 /* mlo-icon-114.png */; };
		68C6FC51180AD0CA005ACB02 /* libz.dylib in Frameworks */ = {isa = PBXBuildFile; fileRef = 68C6FC4F180AD0CA005ACB02 /* libz.dylib */; };
		68C6FC52180AD0CA005ACB02 /* libiconv.dylib in Frameworks */ = {isa = PBXBuildFile; fileRef = 68C6FC50180AD0CA005ACB02 /* libiconv.dylib */; };
		68C6FC54180AD1B9005ACB02 /* QuartzCore.framework in Frameworks */ = {isa = PBXBuildFile; fileRef = 68C6FC53180AD1B9005ACB02 /* QuartzCore.framework */; };
		68C6FC56180AD1FB005ACB02 /* CoreText.framework in Frameworks */ = {isa = PBXBuildFile; fileRef = 68C6FC55180AD1FB005ACB02 /* CoreText.framework */; };
		68C6FC58180AD28C005ACB02 /* MessageUI.framework in Frameworks */ = {isa = PBXBuildFile; fileRef = 68C6FC57180AD28C005ACB02 /* MessageUI.framework */; };
		88E9476B180DB9B600771808 /* NSObject+MLOFileUtils.m in Sources */ = {isa = PBXBuildFile; fileRef = 88E9476A180DB9B600771808 /* NSObject+MLOFileUtils.m */; };
/* End PBXBuildFile section */

/* Begin PBXContainerItemProxy section */
		688EAAFD180D679F003741B3 /* PBXContainerItemProxy */ = {
			isa = PBXContainerItemProxy;
			containerPortal = 688EAAF9180D679F003741B3 /* ios_sharedlo.xcodeproj */;
			proxyType = 2;
			remoteGlobalIDString = 68FDBE2A18053A140064DD74;
			remoteInfo = ios_sharedlo;
		};
/* End PBXContainerItemProxy section */

/* Begin PBXFileReference section */
		681D78AF180C12D300D52D5E /* fundamentalrc */ = {isa = PBXFileReference; fileEncoding = 4; lastKnownFileType = text; name = fundamentalrc; path = resource_link/fundamentalrc; sourceTree = SOURCE_ROOT; };
		681D78B0180C12D300D52D5E /* offapi.rdb */ = {isa = PBXFileReference; lastKnownFileType = file; name = offapi.rdb; path = resource_link/offapi.rdb; sourceTree = SOURCE_ROOT; };
		681D78B1180C12D300D52D5E /* oovbaapi.rdb */ = {isa = PBXFileReference; lastKnownFileType = file; name = oovbaapi.rdb; path = resource_link/oovbaapi.rdb; sourceTree = SOURCE_ROOT; };
		681D78B2180C12D300D52D5E /* program */ = {isa = PBXFileReference; lastKnownFileType = folder; name = program; path = resource_link/program; sourceTree = SOURCE_ROOT; };
		681D78B3180C12D300D52D5E /* rc */ = {isa = PBXFileReference; fileEncoding = 4; lastKnownFileType = text; name = rc; path = resource_link/rc; sourceTree = SOURCE_ROOT; };
		681D78B4180C12D300D52D5E /* registry */ = {isa = PBXFileReference; lastKnownFileType = folder; name = registry; path = resource_link/registry; sourceTree = SOURCE_ROOT; };
		681D78B5180C12D300D52D5E /* services.rdb */ = {isa = PBXFileReference; fileEncoding = 4; lastKnownFileType = text.xml; name = services.rdb; path = resource_link/services.rdb; sourceTree = SOURCE_ROOT; };
		681D78B6180C12D300D52D5E /* share */ = {isa = PBXFileReference; lastKnownFileType = folder; name = share; path = resource_link/share; sourceTree = SOURCE_ROOT; };
		681D78B7180C12D300D52D5E /* udkapi.rdb */ = {isa = PBXFileReference; lastKnownFileType = file; name = udkapi.rdb; path = resource_link/udkapi.rdb; sourceTree = SOURCE_ROOT; };
		681D78B8180C12D300D52D5E /* unorc */ = {isa = PBXFileReference; fileEncoding = 4; lastKnownFileType = text; name = unorc; path = resource_link/unorc; sourceTree = SOURCE_ROOT; };
		681D78C5180C136400D52D5E /* ure */ = {isa = PBXFileReference; lastKnownFileType = folder; name = ure; path = resource_link/ure; sourceTree = SOURCE_ROOT; };
		688EAAE8180D3130003741B3 /* lo.xcconfig */ = {isa = PBXFileReference; fileEncoding = 4; lastKnownFileType = text.xcconfig; name = lo.xcconfig; path = ../lo.xcconfig; sourceTree = "<group>"; };
		688EAAF9180D679F003741B3 /* ios_sharedlo.xcodeproj */ = {isa = PBXFileReference; lastKnownFileType = "wrapper.pb-project"; name = ios_sharedlo.xcodeproj; path = ../shared/ios_sharedlo.xcodeproj; sourceTree = "<group>"; };
		689EBAE718069FB7002F1CD7 /* MobileLibreOffice.app */ = {isa = PBXFileReference; explicitFileType = wrapper.application; includeInIndex = 0; path = MobileLibreOffice.app; sourceTree = BUILT_PRODUCTS_DIR; };
		689EBAEA18069FB7002F1CD7 /* UIKit.framework */ = {isa = PBXFileReference; lastKnownFileType = wrapper.framework; name = UIKit.framework; path = System/Library/Frameworks/UIKit.framework; sourceTree = SDKROOT; };
		689EBAEC18069FB7002F1CD7 /* Foundation.framework */ = {isa = PBXFileReference; lastKnownFileType = wrapper.framework; name = Foundation.framework; path = System/Library/Frameworks/Foundation.framework; sourceTree = SDKROOT; };
		689EBAEE18069FB7002F1CD7 /* CoreGraphics.framework */ = {isa = PBXFileReference; lastKnownFileType = wrapper.framework; name = CoreGraphics.framework; path = System/Library/Frameworks/CoreGraphics.framework; sourceTree = SDKROOT; };
		689EBAF218069FB7002F1CD7 /* MobileLibreOffice-Info.plist */ = {isa = PBXFileReference; lastKnownFileType = text.plist.xml; path = "MobileLibreOffice-Info.plist"; sourceTree = "<group>"; };
		689EBAF418069FB7002F1CD7 /* en */ = {isa = PBXFileReference; lastKnownFileType = text.plist.strings; name = en; path = en.lproj/InfoPlist.strings; sourceTree = "<group>"; };
		689EBAF618069FB7002F1CD7 /* main.m */ = {isa = PBXFileReference; lastKnownFileType = sourcecode.c.objc; path = main.m; sourceTree = "<group>"; };
		689EBAF818069FB7002F1CD7 /* MobileLibreOffice-Prefix.pch */ = {isa = PBXFileReference; lastKnownFileType = sourcecode.c.h; path = "MobileLibreOffice-Prefix.pch"; sourceTree = "<group>"; };
		689EBAFC18069FB8002F1CD7 /* Default.png */ = {isa = PBXFileReference; lastKnownFileType = image.png; path = Default.png; sourceTree = "<group>"; };
		689EBAFE18069FB8002F1CD7 /* Default@2x.png */ = {isa = PBXFileReference; lastKnownFileType = image.png; path = "Default@2x.png"; sourceTree = "<group>"; };
		689EBB0018069FB8002F1CD7 /* Default-568h@2x.png */ = {isa = PBXFileReference; lastKnownFileType = image.png; path = "Default-568h@2x.png"; sourceTree = "<group>"; };
		689EBB2A1806CC39002F1CD7 /* MLOAppDelegate.h */ = {isa = PBXFileReference; fileEncoding = 4; lastKnownFileType = sourcecode.c.h; path = MLOAppDelegate.h; sourceTree = "<group>"; };
		689EBB2B1806CC39002F1CD7 /* MLOAppDelegate.m */ = {isa = PBXFileReference; fileEncoding = 4; lastKnownFileType = sourcecode.c.objc; path = MLOAppDelegate.m; sourceTree = "<group>"; };
		689EBB2C1806CC39002F1CD7 /* MLOAppViewController.h */ = {isa = PBXFileReference; fileEncoding = 4; lastKnownFileType = sourcecode.c.h; path = MLOAppViewController.h; sourceTree = "<group>"; };
		689EBB2D1806CC39002F1CD7 /* MLOAppViewController.m */ = {isa = PBXFileReference; fileEncoding = 4; lastKnownFileType = sourcecode.c.objc; path = MLOAppViewController.m; sourceTree = "<group>"; };
		689EBBA51806D370002F1CD7 /* MLOCachedFile.h */ = {isa = PBXFileReference; fileEncoding = 4; lastKnownFileType = sourcecode.c.h; path = MLOCachedFile.h; sourceTree = "<group>"; };
		689EBBA61806D370002F1CD7 /* MLOCachedFile.m */ = {isa = PBXFileReference; fileEncoding = 4; lastKnownFileType = sourcecode.c.objc; path = MLOCachedFile.m; sourceTree = "<group>"; };
		689EBBA71806D370002F1CD7 /* MLOFileCacheManager.h */ = {isa = PBXFileReference; fileEncoding = 4; lastKnownFileType = sourcecode.c.h; path = MLOFileCacheManager.h; sourceTree = "<group>"; };
		689EBBA81806D370002F1CD7 /* MLOFileCacheManager.m */ = {isa = PBXFileReference; fileEncoding = 4; lastKnownFileType = sourcecode.c.objc; path = MLOFileCacheManager.m; sourceTree = "<group>"; };
		689EBBA91806D370002F1CD7 /* MLOFileListViewController.h */ = {isa = PBXFileReference; fileEncoding = 4; lastKnownFileType = sourcecode.c.h; path = MLOFileListViewController.h; sourceTree = "<group>"; };
		689EBBAA1806D370002F1CD7 /* MLOFileListViewController.m */ = {isa = PBXFileReference; fileEncoding = 4; lastKnownFileType = sourcecode.c.objc; path = MLOFileListViewController.m; sourceTree = "<group>"; };
		689EBBAB1806D370002F1CD7 /* MLOFileManagerViewController.h */ = {isa = PBXFileReference; fileEncoding = 4; lastKnownFileType = sourcecode.c.h; path = MLOFileManagerViewController.h; sourceTree = "<group>"; };
		689EBBAC1806D370002F1CD7 /* MLOFileManagerViewController.m */ = {isa = PBXFileReference; fileEncoding = 4; lastKnownFileType = sourcecode.c.objc; path = MLOFileManagerViewController.m; sourceTree = "<group>"; };
		689EBBAD1806D370002F1CD7 /* MLOFileManagerViewController_Impl.h */ = {isa = PBXFileReference; fileEncoding = 4; lastKnownFileType = sourcecode.c.h; path = MLOFileManagerViewController_Impl.h; sourceTree = "<group>"; };
		68B98C26180B38CD00FFEA35 /* MLOButtonBack.png */ = {isa = PBXFileReference; lastKnownFileType = image.png; name = MLOButtonBack.png; path = Resources/Images/MLOButtonBack.png; sourceTree = "<group>"; };
		68B98C27180B38CD00FFEA35 /* MLOButtonBack@2x.png */ = {isa = PBXFileReference; lastKnownFileType = image.png; name = "MLOButtonBack@2x.png"; path = "Resources/Images/MLOButtonBack@2x.png"; sourceTree = "<group>"; };
		68B98C28180B38CD00FFEA35 /* MLOButtonEdit.png */ = {isa = PBXFileReference; lastKnownFileType = image.png; name = MLOButtonEdit.png; path = Resources/Images/MLOButtonEdit.png; sourceTree = "<group>"; };
		68B98C29180B38CD00FFEA35 /* MLOButtonExpand.png */ = {isa = PBXFileReference; lastKnownFileType = image.png; name = MLOButtonExpand.png; path = Resources/Images/MLOButtonExpand.png; sourceTree = "<group>"; };
		68B98C2A180B38CD00FFEA35 /* MLOButtonFind.png */ = {isa = PBXFileReference; lastKnownFileType = image.png; name = MLOButtonFind.png; path = Resources/Images/MLOButtonFind.png; sourceTree = "<group>"; };
		68B98C2B180B38CD00FFEA35 /* MLOButtonLeft.png */ = {isa = PBXFileReference; lastKnownFileType = image.png; name = MLOButtonLeft.png; path = Resources/Images/MLOButtonLeft.png; sourceTree = "<group>"; };
		68B98C2C180B38CD00FFEA35 /* MLOButtonPrint.png */ = {isa = PBXFileReference; lastKnownFileType = image.png; name = MLOButtonPrint.png; path = Resources/Images/MLOButtonPrint.png; sourceTree = "<group>"; };
		68B98C2D180B38CD00FFEA35 /* MLOButtonRight.png */ = {isa = PBXFileReference; lastKnownFileType = image.png; name = MLOButtonRight.png; path = Resources/Images/MLOButtonRight.png; sourceTree = "<group>"; };
		68B98C2E180B38CD00FFEA35 /* MLOButtonSave.png */ = {isa = PBXFileReference; lastKnownFileType = image.png; name = MLOButtonSave.png; path = Resources/Images/MLOButtonSave.png; sourceTree = "<group>"; };
		68B98C2F180B38CD00FFEA35 /* MLOButtonSelectionHandle.png */ = {isa = PBXFileReference; lastKnownFileType = image.png; name = MLOButtonSelectionHandle.png; path = Resources/Images/MLOButtonSelectionHandle.png; sourceTree = "<group>"; };
		68B98C30180B38CD00FFEA35 /* MLOButtonShrink.png */ = {isa = PBXFileReference; lastKnownFileType = image.png; name = MLOButtonShrink.png; path = Resources/Images/MLOButtonShrink.png; sourceTree = "<group>"; };
		68B98C31180B38CD00FFEA35 /* MLOContextualMenuEdge.png */ = {isa = PBXFileReference; lastKnownFileType = image.png; name = MLOContextualMenuEdge.png; path = Resources/Images/MLOContextualMenuEdge.png; sourceTree = "<group>"; };
		68B98C32180B38CD00FFEA35 /* MLOLibreOfficeLogo.png */ = {isa = PBXFileReference; lastKnownFileType = image.png; path = MLOLibreOfficeLogo.png; sourceTree = "<group>"; };
		68B98C33180B38CD00FFEA35 /* MLOMagnifier@2x.png */ = {isa = PBXFileReference; lastKnownFileType = image.png; name = "MLOMagnifier@2x.png"; path = "Resources/Images/MLOMagnifier@2x.png"; sourceTree = "<group>"; };
		68B98C34180B38CD00FFEA35 /* MLOMagnifierMask@2x.png */ = {isa = PBXFileReference; lastKnownFileType = image.png; name = "MLOMagnifierMask@2x.png"; path = "Resources/Images/MLOMagnifierMask@2x.png"; sourceTree = "<group>"; };
		68B99ED2180BBEE900FFEA35 /* test1.odt */ = {isa = PBXFileReference; lastKnownFileType = file; name = test1.odt; path = Resources/test1.odt; sourceTree = "<group>"; };
		68B99ED6180BBF7100FFEA35 /* mlo-icon-57.png */ = {isa = PBXFileReference; lastKnownFileType = image.png; path = "mlo-icon-57.png"; sourceTree = "<group>"; };
		68B99ED7180BBF7100FFEA35 /* mlo-icon-114.png */ = {isa = PBXFileReference; lastKnownFileType = image.png; path = "mlo-icon-114.png"; sourceTree = "<group>"; };
		68C6FC4F180AD0CA005ACB02 /* libz.dylib */ = {isa = PBXFileReference; lastKnownFileType = "compiled.mach-o.dylib"; name = libz.dylib; path = usr/lib/libz.dylib; sourceTree = SDKROOT; };
		68C6FC50180AD0CA005ACB02 /* libiconv.dylib */ = {isa = PBXFileReference; lastKnownFileType = "compiled.mach-o.dylib"; name = libiconv.dylib; path = usr/lib/libiconv.dylib; sourceTree = SDKROOT; };
		68C6FC53180AD1B9005ACB02 /* QuartzCore.framework */ = {isa = PBXFileReference; lastKnownFileType = wrapper.framework; name = QuartzCore.framework; path = System/Library/Frameworks/QuartzCore.framework; sourceTree = SDKROOT; };
		68C6FC55180AD1FB005ACB02 /* CoreText.framework */ = {isa = PBXFileReference; lastKnownFileType = wrapper.framework; name = CoreText.framework; path = System/Library/Frameworks/CoreText.framework; sourceTree = SDKROOT; };
		68C6FC57180AD28C005ACB02 /* MessageUI.framework */ = {isa = PBXFileReference; lastKnownFileType = wrapper.framework; name = MessageUI.framework; path = System/Library/Frameworks/MessageUI.framework; sourceTree = SDKROOT; };
		88E94769180DB9B600771808 /* NSObject+MLOFileUtils.h */ = {isa = PBXFileReference; fileEncoding = 4; lastKnownFileType = sourcecode.c.h; path = "NSObject+MLOFileUtils.h"; sourceTree = "<group>"; };
		88E9476A180DB9B600771808 /* NSObject+MLOFileUtils.m */ = {isa = PBXFileReference; fileEncoding = 4; lastKnownFileType = sourcecode.c.objc; path = "NSObject+MLOFileUtils.m"; sourceTree = "<group>"; };
/* End PBXFileReference section */

/* Begin PBXFrameworksBuildPhase section */
		689EBAE418069FB7002F1CD7 /* Frameworks */ = {
			isa = PBXFrameworksBuildPhase;
			buildActionMask = 2147483647;
			files = (
				688EAB01180D67E9003741B3 /* libios_sharedlo.a in Frameworks */,
				68C6FC51180AD0CA005ACB02 /* libz.dylib in Frameworks */,
				68C6FC52180AD0CA005ACB02 /* libiconv.dylib in Frameworks */,
				689EBAEB18069FB7002F1CD7 /* UIKit.framework in Frameworks */,
				689EBAED18069FB7002F1CD7 /* Foundation.framework in Frameworks */,
				689EBAEF18069FB7002F1CD7 /* CoreGraphics.framework in Frameworks */,
				68C6FC54180AD1B9005ACB02 /* QuartzCore.framework in Frameworks */,
				68C6FC56180AD1FB005ACB02 /* CoreText.framework in Frameworks */,
				68C6FC58180AD28C005ACB02 /* MessageUI.framework in Frameworks */,
			);
			runOnlyForDeploymentPostprocessing = 0;
		};
/* End PBXFrameworksBuildPhase section */

/* Begin PBXGroup section */
		688EAAEE180D561A003741B3 /* Config */ = {
			isa = PBXGroup;
			children = (
				689EBAF118069FB7002F1CD7 /* Supporting Files */,
				688EAAE8180D3130003741B3 /* lo.xcconfig */,
			);
			name = Config;
			sourceTree = "<group>";
		};
		688EAAFA180D679F003741B3 /* Products */ = {
			isa = PBXGroup;
			children = (
				688EAAFE180D679F003741B3 /* libios_sharedlo.a */,
			);
			name = Products;
			sourceTree = "<group>";
		};
		689EBADE18069FB7002F1CD7 = {
			isa = PBXGroup;
			children = (
				688EAAF9180D679F003741B3 /* ios_sharedlo.xcodeproj */,
				689EBAF018069FB7002F1CD7 /* MobileLibreOffice */,
				688EAAEE180D561A003741B3 /* Config */,
				689EBAE918069FB7002F1CD7 /* Frameworks */,
				88A2ED1B180D4796009F39C0 /* Resources */,
				689EBAE818069FB7002F1CD7 /* Products */,
			);
			sourceTree = "<group>";
		};
		689EBAE818069FB7002F1CD7 /* Products */ = {
			isa = PBXGroup;
			children = (
				689EBAE718069FB7002F1CD7 /* MobileLibreOffice.app */,
			);
			name = Products;
			sourceTree = "<group>";
		};
		689EBAE918069FB7002F1CD7 /* Frameworks */ = {
			isa = PBXGroup;
			children = (
				68C6FC4F180AD0CA005ACB02 /* libz.dylib */,
				68C6FC50180AD0CA005ACB02 /* libiconv.dylib */,
				68C6FC57180AD28C005ACB02 /* MessageUI.framework */,
				68C6FC53180AD1B9005ACB02 /* QuartzCore.framework */,
				68C6FC55180AD1FB005ACB02 /* CoreText.framework */,
				689EBAEA18069FB7002F1CD7 /* UIKit.framework */,
				689EBAEC18069FB7002F1CD7 /* Foundation.framework */,
				689EBAEE18069FB7002F1CD7 /* CoreGraphics.framework */,
			);
			name = Frameworks;
			sourceTree = "<group>";
		};
		689EBAF018069FB7002F1CD7 /* MobileLibreOffice */ = {
			isa = PBXGroup;
			children = (
				689EBBA41806D370002F1CD7 /* file_manager */,
				689EBB2A1806CC39002F1CD7 /* MLOAppDelegate.h */,
				689EBB2B1806CC39002F1CD7 /* MLOAppDelegate.m */,
				689EBB2C1806CC39002F1CD7 /* MLOAppViewController.h */,
				689EBB2D1806CC39002F1CD7 /* MLOAppViewController.m */,
			);
			path = MobileLibreOffice;
			sourceTree = "<group>";
		};
		689EBAF118069FB7002F1CD7 /* Supporting Files */ = {
			isa = PBXGroup;
			children = (
				689EBAF218069FB7002F1CD7 /* MobileLibreOffice-Info.plist */,
				689EBAF318069FB7002F1CD7 /* InfoPlist.strings */,
				689EBAF618069FB7002F1CD7 /* main.m */,
				689EBAF818069FB7002F1CD7 /* MobileLibreOffice-Prefix.pch */,
				689EBAFC18069FB8002F1CD7 /* Default.png */,
				689EBAFE18069FB8002F1CD7 /* Default@2x.png */,
				689EBB0018069FB8002F1CD7 /* Default-568h@2x.png */,
			);
			name = "Supporting Files";
			path = MobileLibreOffice;
			sourceTree = "<group>";
		};
		689EBBA41806D370002F1CD7 /* file_manager */ = {
			isa = PBXGroup;
			children = (
				689EBBA51806D370002F1CD7 /* MLOCachedFile.h */,
				689EBBA61806D370002F1CD7 /* MLOCachedFile.m */,
				689EBBA71806D370002F1CD7 /* MLOFileCacheManager.h */,
				689EBBA81806D370002F1CD7 /* MLOFileCacheManager.m */,
				689EBBA91806D370002F1CD7 /* MLOFileListViewController.h */,
				689EBBAA1806D370002F1CD7 /* MLOFileListViewController.m */,
				689EBBAB1806D370002F1CD7 /* MLOFileManagerViewController.h */,
				689EBBAC1806D370002F1CD7 /* MLOFileManagerViewController.m */,
				689EBBAD1806D370002F1CD7 /* MLOFileManagerViewController_Impl.h */,
				88E94769180DB9B600771808 /* NSObject+MLOFileUtils.h */,
				88E9476A180DB9B600771808 /* NSObject+MLOFileUtils.m */,
			);
			path = file_manager;
			sourceTree = "<group>";
		};
		68B98C25180B38CD00FFEA35 /* Images */ = {
			isa = PBXGroup;
			children = (
				68B99ED6180BBF7100FFEA35 /* mlo-icon-57.png */,
				68B99ED7180BBF7100FFEA35 /* mlo-icon-114.png */,
				68B98C32180B38CD00FFEA35 /* MLOLibreOfficeLogo.png */,
			);
			name = Images;
			path = Resources/Images;
			sourceTree = "<group>";
		};
		88A2ED1B180D4796009F39C0 /* Resources */ = {
			isa = PBXGroup;
			children = (
				88A2ED1C180D47E3009F39C0 /* app */,
				88A2ED1D180D47EA009F39C0 /* shared */,
			);
			name = Resources;
			path = MobileLibreOffice;
			sourceTree = "<group>";
		};
		88A2ED1C180D47E3009F39C0 /* app */ = {
			isa = PBXGroup;
			children = (
				68B99ED2180BBEE900FFEA35 /* test1.odt */,
				68B98C25180B38CD00FFEA35 /* Images */,
			);
			name = app;
			sourceTree = "<group>";
		};
		88A2ED1D180D47EA009F39C0 /* shared */ = {
			isa = PBXGroup;
			children = (
				88A2ED1F180D481F009F39C0 /* static */,
				88A2ED1E180D481A009F39C0 /* linked */,
			);
			name = shared;
			sourceTree = "<group>";
		};
		88A2ED1E180D481A009F39C0 /* linked */ = {
			isa = PBXGroup;
			children = (
				681D78C5180C136400D52D5E /* ure */,
				681D78B2180C12D300D52D5E /* program */,
				681D78B4180C12D300D52D5E /* registry */,
				681D78B6180C12D300D52D5E /* share */,
				681D78AF180C12D300D52D5E /* fundamentalrc */,
				681D78B0180C12D300D52D5E /* offapi.rdb */,
				681D78B1180C12D300D52D5E /* oovbaapi.rdb */,
				681D78B3180C12D300D52D5E /* rc */,
				681D78B5180C12D300D52D5E /* services.rdb */,
				681D78B7180C12D300D52D5E /* udkapi.rdb */,
				681D78B8180C12D300D52D5E /* unorc */,
			);
			name = linked;
			sourceTree = "<group>";
		};
		88A2ED1F180D481F009F39C0 /* static */ = {
			isa = PBXGroup;
			children = (
				88A2ED20180D4840009F39C0 /* Images */,
			);
			name = static;
			sourceTree = "<group>";
		};
		88A2ED20180D4840009F39C0 /* Images */ = {
			isa = PBXGroup;
			children = (
				68B98C26180B38CD00FFEA35 /* MLOButtonBack.png */,
				68B98C27180B38CD00FFEA35 /* MLOButtonBack@2x.png */,
				68B98C28180B38CD00FFEA35 /* MLOButtonEdit.png */,
				68B98C29180B38CD00FFEA35 /* MLOButtonExpand.png */,
				68B98C2A180B38CD00FFEA35 /* MLOButtonFind.png */,
				68B98C2B180B38CD00FFEA35 /* MLOButtonLeft.png */,
				68B98C2C180B38CD00FFEA35 /* MLOButtonPrint.png */,
				68B98C2D180B38CD00FFEA35 /* MLOButtonRight.png */,
				68B98C2E180B38CD00FFEA35 /* MLOButtonSave.png */,
				68B98C2F180B38CD00FFEA35 /* MLOButtonSelectionHandle.png */,
				68B98C30180B38CD00FFEA35 /* MLOButtonShrink.png */,
				68B98C31180B38CD00FFEA35 /* MLOContextualMenuEdge.png */,
				68B98C33180B38CD00FFEA35 /* MLOMagnifier@2x.png */,
				68B98C34180B38CD00FFEA35 /* MLOMagnifierMask@2x.png */,
			);
			name = Images;
			sourceTree = "<group>";
		};
/* End PBXGroup section */

/* Begin PBXNativeTarget section */
		689EBAE618069FB7002F1CD7 /* MobileLibreOffice */ = {
			isa = PBXNativeTarget;
			buildConfigurationList = 689EBB0D18069FB8002F1CD7 /* Build configuration list for PBXNativeTarget "MobileLibreOffice" */;
			buildPhases = (
				68B98C23180B2FE500FFEA35 /* ShellScript */,
				689EBAE318069FB7002F1CD7 /* Sources */,
				689EBAE418069FB7002F1CD7 /* Frameworks */,
				689EBAE518069FB7002F1CD7 /* Resources */,
			);
			buildRules = (
			);
			dependencies = (
			);
			name = MobileLibreOffice;
			productName = MobileLibreOffice;
			productReference = 689EBAE718069FB7002F1CD7 /* MobileLibreOffice.app */;
			productType = "com.apple.product-type.application";
		};
/* End PBXNativeTarget section */

/* Begin PBXProject section */
		689EBADF18069FB7002F1CD7 /* Project object */ = {
			isa = PBXProject;
			attributes = {
				LastUpgradeCheck = 0460;
				ORGANIZATIONNAME = LibreOffice.org;
			};
			buildConfigurationList = 689EBAE218069FB7002F1CD7 /* Build configuration list for PBXProject "MobileLibreOffice" */;
			compatibilityVersion = "Xcode 3.2";
			developmentRegion = English;
			hasScannedForEncodings = 0;
			knownRegions = (
				en,
			);
			mainGroup = 689EBADE18069FB7002F1CD7;
			productRefGroup = 689EBAE818069FB7002F1CD7 /* Products */;
			projectDirPath = "";
			projectReferences = (
				{
					ProductGroup = 688EAAFA180D679F003741B3 /* Products */;
					ProjectRef = 688EAAF9180D679F003741B3 /* ios_sharedlo.xcodeproj */;
				},
			);
			projectRoot = "";
			targets = (
				689EBAE618069FB7002F1CD7 /* MobileLibreOffice */,
			);
		};
/* End PBXProject section */

/* Begin PBXReferenceProxy section */
		688EAAFE180D679F003741B3 /* libios_sharedlo.a */ = {
			isa = PBXReferenceProxy;
			fileType = archive.ar;
			path = libios_sharedlo.a;
			remoteRef = 688EAAFD180D679F003741B3 /* PBXContainerItemProxy */;
			sourceTree = BUILT_PRODUCTS_DIR;
		};
/* End PBXReferenceProxy section */

/* Begin PBXResourcesBuildPhase section */
		689EBAE518069FB7002F1CD7 /* Resources */ = {
			isa = PBXResourcesBuildPhase;
			buildActionMask = 2147483647;
			files = (
				689EBAFD18069FB8002F1CD7 /* Default.png in Resources */,
				689EBAFF18069FB8002F1CD7 /* Default@2x.png in Resources */,
				689EBB0118069FB8002F1CD7 /* Default-568h@2x.png in Resources */,
				68B99ED8180BBF7100FFEA35 /* mlo-icon-57.png in Resources */,
				68B99ED9180BBF7100FFEA35 /* mlo-icon-114.png in Resources */,
				68B98C35180B38CD00FFEA35 /* MLOButtonBack.png in Resources */,
				68B98C36180B38CD00FFEA35 /* MLOButtonBack@2x.png in Resources */,
				68B98C37180B38CD00FFEA35 /* MLOButtonEdit.png in Resources */,
				68B98C38180B38CD00FFEA35 /* MLOButtonExpand.png in Resources */,
				68B98C39180B38CD00FFEA35 /* MLOButtonFind.png in Resources */,
				68B98C3A180B38CD00FFEA35 /* MLOButtonLeft.png in Resources */,
				68B98C3B180B38CD00FFEA35 /* MLOButtonPrint.png in Resources */,
				68B98C3C180B38CD00FFEA35 /* MLOButtonRight.png in Resources */,
				68B98C3D180B38CD00FFEA35 /* MLOButtonSave.png in Resources */,
				68B98C3E180B38CD00FFEA35 /* MLOButtonSelectionHandle.png in Resources */,
				68B98C3F180B38CD00FFEA35 /* MLOButtonShrink.png in Resources */,
				68B98C40180B38CD00FFEA35 /* MLOContextualMenuEdge.png in Resources */,
				68B98C41180B38CD00FFEA35 /* MLOLibreOfficeLogo.png in Resources */,
				68B98C42180B38CD00FFEA35 /* MLOMagnifier@2x.png in Resources */,
				68B98C43180B38CD00FFEA35 /* MLOMagnifierMask@2x.png in Resources */,
				68B99ED3180BBEE900FFEA35 /* test1.odt in Resources */,
				681D78BA180C12D300D52D5E /* fundamentalrc in Resources */,
				681D78BB180C12D300D52D5E /* offapi.rdb in Resources */,
				681D78BC180C12D300D52D5E /* oovbaapi.rdb in Resources */,
				681D78BD180C12D300D52D5E /* program in Resources */,
				681D78BE180C12D300D52D5E /* rc in Resources */,
				681D78C0180C12D300D52D5E /* services.rdb in Resources */,
				681D78C1180C12D300D52D5E /* share in Resources */,
				681D78C2180C12D300D52D5E /* udkapi.rdb in Resources */,
				681D78C3180C12D300D52D5E /* unorc in Resources */,
				681D78C6180C136400D52D5E /* ure in Resources */,
				688EAAE9180D3130003741B3 /* lo.xcconfig in Resources */,
			);
			runOnlyForDeploymentPostprocessing = 0;
		};
/* End PBXResourcesBuildPhase section */

/* Begin PBXShellScriptBuildPhase section */
		68B98C23180B2FE500FFEA35 /* ShellScript */ = {
			isa = PBXShellScriptBuildPhase;
			buildActionMask = 2147483647;
			files = (
			);
			inputPaths = (
			);
			outputPaths = (
			);
			runOnlyForDeploymentPostprocessing = 0;
			shellPath = /bin/sh;
			shellScript = "dest_lib=$LO_BUILDDIR/ios/lib\ndest_resource=resource_link\nproduct_ver=`sed -ne 's/^\\(export PRODUCTVERSION=\\)\\(.*\\)/\\2/p' $LO_BUILDDIR/config_host.mk`\nbuildid=`(cd $LO_SRCDIR && git log -1 --format=%H)`\n\nrm -rf $dest_lib $dest_resource\nmkdir -p $dest_lib $dest_resource\n\n# Libs #\nfor file in $LO_OUTDIR/lib/*.a $LO_INSTDIR/program/*.a $LO_WORKDIR/LinkTarget/StaticLibrary/*.a $LO_WORKDIR/UnpackedTarball/*/.libs/*.a $LO_WORKDIR/UnpackedTarball/*/src/.libs/*.a $LO_WORKDIR/UnpackedTarball/*/src/*/.libs/*.a $LO_WORKDIR/UnpackedTarball/openssl/*.a; do\n    ln -f $file $dest_lib/${file##*/}\ndone\n\n# Populate lo.xcconfig\nflags=-L$dest_lib\nfor lib in $dest_lib/lib*.a; do\n    base=${lib##*/lib}\n    base=${base%\\.a}\n    flags+=\" -l${base}\"\ndone\n\nfile=../lo.xcconfig\nsed -i '' -e \"s|^\\(LO_LDFLAGS =\\).*$|\\1 $flags|\" $file\n    \n# Resources #\nmkdir -p $dest_resource/ure\n\n# copy rdb files\ncp $LO_OUTDIR/bin/offapi.rdb          $dest_resource\ncp $LO_OUTDIR/bin/udkapi.rdb          $dest_resource\ncp $LO_OUTDIR/bin/oovbaapi.rdb        $dest_resource\ncp $LO_INSTDIR/program/services/services.rdb  $dest_resource\ncp $LO_INSTDIR/ure/share/misc/services.rdb    $dest_resource/ure\n\n# copy .res files\n# program/resource is hardcoded in tools/source/rc/resmgr.cxx. Sure,\n# we could set STAR_RESOURCE_PATH instead. sigh...\nmkdir -p $dest_resource/program/resource\ncp $LO_INSTDIR/program/resource/*en-US.res $dest_resource/program/resource\n\n# soffice.cfg\nmkdir -p $dest_resource/share/config\ncp -R $LO_INSTDIR/share/config/soffice.cfg $dest_resource/share/config\n            \n# \"registry\"\ncp -R $LO_INSTDIR/share/registry $dest_resource/share\n            \n# Set up rc, the \"inifile\". See getIniFileName_Impl().\nfile=$dest_resource/rc\necho '[Bootstrap]'                                      >  $file\necho 'URE_BOOTSTRAP=file://$APP_DATA_DIR/fundamentalrc' >> $file\necho 'HOME=$APP_DATA_DIR/tmp'                           >> $file\n\n# Set up fundamentalrc, unorc, bootstraprc and versionrc.\n# Do we really need all these?\nfile=$dest_resource/fundamentalrc\necho '[Bootstrap]'                                      >  $file\necho 'BRAND_BASE_DIR=file://$APP_DATA_DIR'              >> $file\necho 'CONFIGURATION_LAYERS=xcsxcu:${BRAND_BASE_DIR}/share/registry res:${BRAND_BASE_DIR}/registry' >> $file\n\nfile=$dest_resource/unorc\necho '[Bootstrap]' > $file\n\n# bootstraprc must be in $BRAND_BASE_DIR/program\nmkdir -p $dest_resource/program\nfile=$dest_resource/program/bootstraprc\necho '[Bootstrap]'                                                              >  $file\necho 'InstallMode=<installmode>'                                                >> $file\necho \"ProductKey=LibreOffice $product_ver\"                                      >> $file\necho 'UserInstallation=file://$APP_DATA_DIR/../Library/Application%20Support'   >> $file\n\n# Is this really needed?\nfile=$dest_resource/program/versionrc\necho '[Version]'            >  $file\necho 'AllLanguages=en-US'   >> $file\necho 'BuildVersion='        >> $file\necho \"buildid=$buildid\"     >> $file\necho 'ProductMajor=360'     >> $file\necho 'ProductMinor=1'       >> $file\n           ";
		};
/* End PBXShellScriptBuildPhase section */

/* Begin PBXSourcesBuildPhase section */
		689EBAE318069FB7002F1CD7 /* Sources */ = {
			isa = PBXSourcesBuildPhase;
			buildActionMask = 2147483647;
			files = (
				689EBAF718069FB7002F1CD7 /* main.m in Sources */,
				689EBB2E1806CC3A002F1CD7 /* MLOAppDelegate.m in Sources */,
				689EBB2F1806CC3A002F1CD7 /* MLOAppViewController.m in Sources */,
				689EBBAE1806D370002F1CD7 /* MLOCachedFile.m in Sources */,
				689EBBAF1806D370002F1CD7 /* MLOFileCacheManager.m in Sources */,
				689EBBB01806D370002F1CD7 /* MLOFileListViewController.m in Sources */,
				689EBBB11806D370002F1CD7 /* MLOFileManagerViewController.m in Sources */,
				88E9476B180DB9B600771808 /* NSObject+MLOFileUtils.m in Sources */,
			);
			runOnlyForDeploymentPostprocessing = 0;
		};
/* End PBXSourcesBuildPhase section */

/* Begin PBXVariantGroup section */
		689EBAF318069FB7002F1CD7 /* InfoPlist.strings */ = {
			isa = PBXVariantGroup;
			children = (
				689EBAF418069FB7002F1CD7 /* en */,
			);
			name = InfoPlist.strings;
			sourceTree = "<group>";
		};
/* End PBXVariantGroup section */

/* Begin XCBuildConfiguration section */
		689EBB0B18069FB8002F1CD7 /* Debug */ = {
			isa = XCBuildConfiguration;
			baseConfigurationReference = 688EAAE8180D3130003741B3 /* lo.xcconfig */;
			buildSettings = {
				ALWAYS_SEARCH_USER_PATHS = NO;
				ARCHS = armv7;
				CLANG_CXX_LANGUAGE_STANDARD = "gnu++0x";
				CLANG_ENABLE_OBJC_ARC = YES;
				CLANG_WARN_CONSTANT_CONVERSION = YES;
				CLANG_WARN_EMPTY_BODY = YES;
				CLANG_WARN_ENUM_CONVERSION = YES;
				CLANG_WARN_INT_CONVERSION = YES;
				CLANG_WARN__DUPLICATE_METHOD_MATCH = YES;
				CLANG_X86_VECTOR_INSTRUCTIONS = default;
				"CODE_SIGN_IDENTITY[sdk=iphoneos*]" = "iPhone Developer";
				COPY_PHASE_STRIP = NO;
				DEBUG_INFORMATION_FORMAT = dwarf;
				GCC_C_LANGUAGE_STANDARD = gnu99;
				GCC_DYNAMIC_NO_PIC = NO;
				GCC_INPUT_FILETYPE = automatic;
				GCC_OPTIMIZATION_LEVEL = 0;
				GCC_PREPROCESSOR_DEFINITIONS = (
					"DEBUG=1",
					"MLO_APP_ROLE=LO_APP",
				);
				GCC_SYMBOLS_PRIVATE_EXTERN = YES;
				GCC_WARN_ABOUT_RETURN_TYPE = YES;
				GCC_WARN_UNINITIALIZED_AUTOS = YES;
				GCC_WARN_UNUSED_VARIABLE = YES;
				HEADER_SEARCH_PATHS = (
					../shared/ios_sharedlo/objective_c,
					../shared/ios_sharedlo/objective_c/utils,
				);
				IPHONEOS_DEPLOYMENT_TARGET = 6.1;
				LIBRARY_SEARCH_PATHS = "";
				LLVM_LTO = NO;
				ONLY_ACTIVE_ARCH = YES;
				OTHER_LDFLAGS = (
					"-ObjC",
					"$(LO_LDFLAGS)",
				);
				SDKROOT = iphoneos;
				STRIP_INSTALLED_PRODUCT = NO;
				TARGETED_DEVICE_FAMILY = "1,2";
				VALID_ARCHS = armv7;
			};
			name = Debug;
		};
		689EBB0C18069FB8002F1CD7 /* Release */ = {
			isa = XCBuildConfiguration;
			baseConfigurationReference = 688EAAE8180D3130003741B3 /* lo.xcconfig */;
			buildSettings = {
				ALWAYS_SEARCH_USER_PATHS = NO;
				ARCHS = armv7;
				CLANG_CXX_LANGUAGE_STANDARD = "gnu++0x";
				CLANG_ENABLE_OBJC_ARC = YES;
				CLANG_WARN_CONSTANT_CONVERSION = YES;
				CLANG_WARN_EMPTY_BODY = YES;
				CLANG_WARN_ENUM_CONVERSION = YES;
				CLANG_WARN_INT_CONVERSION = YES;
				CLANG_WARN__DUPLICATE_METHOD_MATCH = YES;
				CLANG_X86_VECTOR_INSTRUCTIONS = default;
				"CODE_SIGN_IDENTITY[sdk=iphoneos*]" = "iPhone Developer";
				COPY_PHASE_STRIP = YES;
				DEBUG_INFORMATION_FORMAT = "dwarf-with-dsym";
				GCC_C_LANGUAGE_STANDARD = gnu99;
				GCC_DYNAMIC_NO_PIC = NO;
				GCC_INPUT_FILETYPE = automatic;
				GCC_PREPROCESSOR_DEFINITIONS = "MLO_APP_ROLE=LO_APP";
				GCC_SYMBOLS_PRIVATE_EXTERN = YES;
				GCC_WARN_ABOUT_RETURN_TYPE = YES;
				GCC_WARN_UNINITIALIZED_AUTOS = YES;
				GCC_WARN_UNUSED_VARIABLE = YES;
				HEADER_SEARCH_PATHS = (
					../shared/ios_sharedlo/objective_c,
					../shared/ios_sharedlo/objective_c/utils,
				);
				IPHONEOS_DEPLOYMENT_TARGET = 6.1;
				LIBRARY_SEARCH_PATHS = "";
				LLVM_LTO = NO;
				OTHER_CFLAGS = "-DNS_BLOCK_ASSERTIONS=1";
				OTHER_LDFLAGS = (
					"-ObjC",
					"$(LO_LDFLAGS)",
				);
				SDKROOT = iphoneos;
				STRIP_INSTALLED_PRODUCT = NO;
				TARGETED_DEVICE_FAMILY = "1,2";
				VALIDATE_PRODUCT = YES;
				VALID_ARCHS = armv7;
			};
			name = Release;
		};
		689EBB0E18069FB8002F1CD7 /* Debug */ = {
			isa = XCBuildConfiguration;
			buildSettings = {
				DEBUG_INFORMATION_FORMAT = dwarf;
				GCC_DYNAMIC_NO_PIC = NO;
				GCC_INPUT_FILETYPE = sourcecode.cpp.objcpp;
				GCC_PRECOMPILE_PREFIX_HEADER = YES;
				GCC_PREFIX_HEADER = "MobileLibreOffice/MobileLibreOffice-Prefix.pch";
				GCC_SYMBOLS_PRIVATE_EXTERN = YES;
				HEADER_SEARCH_PATHS = "$(inherited)";
				INFOPLIST_FILE = "MobileLibreOffice/MobileLibreOffice-Info.plist";
				LLVM_LTO = NO;
				PRODUCT_NAME = "$(TARGET_NAME)";
				WRAPPER_EXTENSION = app;
			};
			name = Debug;
		};
		689EBB0F18069FB8002F1CD7 /* Release */ = {
			isa = XCBuildConfiguration;
			buildSettings = {
				GCC_DYNAMIC_NO_PIC = NO;
				GCC_INPUT_FILETYPE = sourcecode.cpp.objcpp;
				GCC_PRECOMPILE_PREFIX_HEADER = YES;
				GCC_PREFIX_HEADER = "MobileLibreOffice/MobileLibreOffice-Prefix.pch";
				GCC_SYMBOLS_PRIVATE_EXTERN = YES;
				HEADER_SEARCH_PATHS = "$(inherited)";
				INFOPLIST_FILE = "MobileLibreOffice/MobileLibreOffice-Info.plist";
				LLVM_LTO = YES;
				PRODUCT_NAME = "$(TARGET_NAME)";
				WRAPPER_EXTENSION = app;
			};
			name = Release;
		};
		88A1330F181023A40091F25E /* Debug_tile_tester */ = {
			isa = XCBuildConfiguration;
			baseConfigurationReference = 688EAAE8180D3130003741B3 /* lo.xcconfig */;
			buildSettings = {
				ALWAYS_SEARCH_USER_PATHS = NO;
				ARCHS = armv7;
				CLANG_CXX_LANGUAGE_STANDARD = "gnu++0x";
				CLANG_ENABLE_OBJC_ARC = YES;
				CLANG_WARN_CONSTANT_CONVERSION = YES;
				CLANG_WARN_EMPTY_BODY = YES;
				CLANG_WARN_ENUM_CONVERSION = YES;
				CLANG_WARN_INT_CONVERSION = YES;
				CLANG_WARN__DUPLICATE_METHOD_MATCH = YES;
				CLANG_X86_VECTOR_INSTRUCTIONS = default;
				"CODE_SIGN_IDENTITY[sdk=iphoneos*]" = "iPhone Developer";
				COPY_PHASE_STRIP = NO;
				DEBUG_INFORMATION_FORMAT = dwarf;
				GCC_C_LANGUAGE_STANDARD = gnu99;
				GCC_DYNAMIC_NO_PIC = NO;
				GCC_INPUT_FILETYPE = automatic;
				GCC_OPTIMIZATION_LEVEL = 0;
				GCC_PREPROCESSOR_DEFINITIONS = (
					"MLO_APP_ROLE=TILE_TESTER",
					"DEBUG=1",
				);
				GCC_SYMBOLS_PRIVATE_EXTERN = YES;
				GCC_WARN_ABOUT_RETURN_TYPE = YES;
				GCC_WARN_UNINITIALIZED_AUTOS = YES;
				GCC_WARN_UNUSED_VARIABLE = YES;
				HEADER_SEARCH_PATHS = (
					../shared/ios_sharedlo/objective_c,
					../shared/ios_sharedlo/objective_c/utils,
				);
				IPHONEOS_DEPLOYMENT_TARGET = 6.1;
				LIBRARY_SEARCH_PATHS = "";
				LLVM_LTO = NO;
				ONLY_ACTIVE_ARCH = YES;
				OTHER_LDFLAGS = (
					"-ObjC",
					"$(LO_LDFLAGS)",
				);
				SDKROOT = iphoneos;
				STRIP_INSTALLED_PRODUCT = NO;
				TARGETED_DEVICE_FAMILY = "1,2";
				VALID_ARCHS = armv7;
			};
			name = Debug_tile_tester;
		};
		88A13310181023A40091F25E /* Debug_tile_tester */ = {
			isa = XCBuildConfiguration;
			buildSettings = {
				DEBUG_INFORMATION_FORMAT = dwarf;
				GCC_DYNAMIC_NO_PIC = NO;
				GCC_INPUT_FILETYPE = sourcecode.cpp.objcpp;
				GCC_PRECOMPILE_PREFIX_HEADER = YES;
				GCC_PREFIX_HEADER = "MobileLibreOffice/MobileLibreOffice-Prefix.pch";
				GCC_SYMBOLS_PRIVATE_EXTERN = YES;
				HEADER_SEARCH_PATHS = "$(inherited)";
				INFOPLIST_FILE = "MobileLibreOffice/MobileLibreOffice-Info.plist";
				LLVM_LTO = NO;
				PRODUCT_NAME = "$(TARGET_NAME)";
				WRAPPER_EXTENSION = app;
			};
			name = Debug_tile_tester;
		};
/* End XCBuildConfiguration section */

/* Begin XCConfigurationList section */
		689EBAE218069FB7002F1CD7 /* Build configuration list for PBXProject "MobileLibreOffice" */ = {
			isa = XCConfigurationList;
			buildConfigurations = (
				689EBB0B18069FB8002F1CD7 /* Debug */,
				88A1330F181023A40091F25E /* Debug_tile_tester */,
				689EBB0C18069FB8002F1CD7 /* Release */,
			);
			defaultConfigurationIsVisible = 0;
			defaultConfigurationName = Release;
		};
		689EBB0D18069FB8002F1CD7 /* Build configuration list for PBXNativeTarget "MobileLibreOffice" */ = {
			isa = XCConfigurationList;
			buildConfigurations = (
				689EBB0E18069FB8002F1CD7 /* Debug */,
				88A13310181023A40091F25E /* Debug_tile_tester */,
				689EBB0F18069FB8002F1CD7 /* Release */,
			);
			defaultConfigurationIsVisible = 0;
			defaultConfigurationName = Release;
		};
/* End XCConfigurationList section */
	};
	rootObject = 689EBADF18069FB7002F1CD7 /* Project object */;
}
