// !$*UTF8*$!
{
 archiveVersion = 1;
 classes = {
 };
 objectVersion = 46;
 objects = {
  X0005101 = {
   attributes = {
    LastUpgradeCheck = 0500;
    ORGANIZATIONNAME = LibreOffice;
   };
   buildConfigurationList = X000510b;
   compatibilityVersion = "Xcode 3.2";
   hasScannedForEncodings = 0;
   isa = PBXProject;
   knownRegions = ;
   mainGroup = X0005102;
   productRefGroup = X0005105;
   projectDirPath = ;
   projectRoot = ;
   targets = X0005107;
  };
  X0005102 = {
   children = ;
   isa = PBXGroup;
   sourceTree = "<group>";
  };
  X0005103 = {
   children = {
   };
   isa = PBXGroup;
   path = ;
   sourceTree = "<group>";
  };
  X0005106 = {
   children = ;
   isa = PBXGroup;
   name = Products;
   sourceTree = "<group>";
  };
  X0005107 = {
   buildConfigurationList = X000510c;
   buildPhases = ;
   buildRules = ;
   dependencies = ;
   isa = PBXNativeTarget;
   name = ;
   productName = ;
   productReference = X0005104;
   productType = "com.apple.product-type.something";
  };
  X0005108 = {
   isa = PBXFileReference;
   lastKnownFileType = "sourcecode.cpp.cpp";
   path = "l10ntools/source/idxdict/idxdict.cxx";
  };
  X0005109 = {
   fileRef = X0005108;
   isa = PBXBuildFile;
  };
  X000510a = {
   buildActionMask = 2147483647;
   files = ;
   isa = PBXSourcesBuildPhase;
   runOnlyForDeploymentPostprocessing = 0;
  };
 };
 rootObject = X0005101;
}