// !$*UTF8*$!
{
 archiveVersion = 1;
 classes = {
 };
 objectVersion = 46;
 objects = {
  X0003c09 = {
   attributes = {
    LastUpgradeCheck = 0500;
    ORGANIZATIONNAME = LibreOffice;
   };
   buildConfigurationList = X0003c13;
   compatibilityVersion = "Xcode 3.2";
   hasScannedForEncodings = 0;
   isa = PBXProject;
   knownRegions = ;
   mainGroup = X0003c0a;
   productRefGroup = X0003c0d;
   projectDirPath = ;
   projectRoot = ;
   targets = X0003c0f;
  };
  X0003c0a = {
   children = ;
   isa = PBXGroup;
   sourceTree = "<group>";
  };
  X0003c0b = {
   children = {
   };
   isa = PBXGroup;
   path = ;
   sourceTree = "<group>";
  };
  X0003c0e = {
   children = ;
   isa = PBXGroup;
   name = Products;
   sourceTree = "<group>";
  };
  X0003c0f = {
   buildConfigurationList = X0003c14;
   buildPhases = ;
   buildRules = ;
   dependencies = ;
   isa = PBXNativeTarget;
   name = ;
   productName = ;
   productReference = X0003c0c;
   productType = ;
  };
  X0003c10 = {
   isa = PBXFileReference;
   lastKnownFileType = "sourcecode.cpp.cpp";
   path = "sax/qa/cppunit/attributes.cxx";
  };
  X0003c11 = {
   fileRef = X0003c10;
   isa = PBXBuildFile;
  };
  X0003c12 = {
   buildActionMask = 2147483647;
   files = ;
   isa = PBXSourcesBuildPhase;
   runOnlyForDeploymentPostprocessing = 0;
  };
 };
 rootObject = X0003c09;
}