// !$*UTF8*$!
{
 archiveVersion = 1;
 classes = {
 };
 objectVersion = 46;
 objects = {
  X0001e9f = {
   attributes = {
    LastUpgradeCheck = 0500;
    ORGANIZATIONNAME = LibreOffice;
   };
   buildConfigurationList = X0001ea9;
   compatibilityVersion = "Xcode 3.2";
   hasScannedForEncodings = 0;
   isa = PBXProject;
   knownRegions = ;
   mainGroup = X0001ea0;
   productRefGroup = X0001ea3;
   projectDirPath = ;
   projectRoot = ;
   targets = X0001ea5;
  };
  X0001ea0 = {
   children = ;
   isa = PBXGroup;
   sourceTree = "<group>";
  };
  X0001ea1 = {
   children = {
   };
   isa = PBXGroup;
   path = ;
   sourceTree = "<group>";
  };
  X0001ea4 = {
   children = ;
   isa = PBXGroup;
   name = Products;
   sourceTree = "<group>";
  };
  X0001ea5 = {
   buildConfigurationList = X0001eaa;
   buildPhases = ;
   buildRules = ;
   dependencies = ;
   isa = PBXNativeTarget;
   name = ;
   productName = ;
   productReference = X0001ea2;
   productType = ;
  };
  X0001ea6 = {
   isa = PBXFileReference;
   lastKnownFileType = "sourcecode.cpp.cpp";
   path = "binaryurp/qa/test-unmarshal.cxx";
  };
  X0001ea7 = {
   fileRef = X0001ea6;
   isa = PBXBuildFile;
  };
  X0001ea8 = {
   buildActionMask = 2147483647;
   files = ;
   isa = PBXSourcesBuildPhase;
   runOnlyForDeploymentPostprocessing = 0;
  };
 };
 rootObject = X0001e9f;
}